{
  "version": 4,
  "terraform_version": "1.9.4",
  "serial": 377,
  "lineage": "ef7229b9-195d-3a90-2670-656d79ec7e78",
  "outputs": {},
  "resources": [
    {
      "module": "module.alb",
      "mode": "managed",
      "type": "aws_lb",
      "name": "this",
      "provider": "provider[\"registry.terraform.io/hashicorp/aws\"]",
      "instances": [
        {
          "schema_version": 0,
          "attributes": {
            "access_logs": [
              {
                "bucket": "",
                "enabled": false,
                "prefix": ""
              }
            ],
            "arn": "arn:aws:elasticloadbalancing:ap-northeast-2:108782082145:loadbalancer/app/my-alb/e605d283f97e9024",
            "arn_suffix": "app/my-alb/e605d283f97e9024",
            "client_keep_alive": 3600,
            "connection_logs": [
              {
                "bucket": "",
                "enabled": false,
                "prefix": ""
              }
            ],
            "customer_owned_ipv4_pool": "",
            "desync_mitigation_mode": "defensive",
            "dns_name": "my-alb-430859976.ap-northeast-2.elb.amazonaws.com",
            "dns_record_client_routing_policy": null,
            "drop_invalid_header_fields": false,
            "enable_cross_zone_load_balancing": true,
            "enable_deletion_protection": false,
            "enable_http2": true,
            "enable_tls_version_and_cipher_suite_headers": false,
            "enable_waf_fail_open": false,
            "enable_xff_client_port": false,
            "enforce_security_group_inbound_rules_on_private_link_traffic": "",
            "id": "arn:aws:elasticloadbalancing:ap-northeast-2:108782082145:loadbalancer/app/my-alb/e605d283f97e9024",
            "idle_timeout": 60,
            "internal": false,
            "ip_address_type": "ipv4",
            "load_balancer_type": "application",
            "name": "my-alb",
            "name_prefix": "",
            "preserve_host_header": false,
            "security_groups": [
              "sg-064426b60fcabc2df"
            ],
            "subnet_mapping": [
              {
                "allocation_id": "",
                "ipv6_address": "",
                "outpost_id": "",
                "private_ipv4_address": "",
                "subnet_id": "subnet-0805e394b955fa748"
              },
              {
                "allocation_id": "",
                "ipv6_address": "",
                "outpost_id": "",
                "private_ipv4_address": "",
                "subnet_id": "subnet-0ca4f664d4f9b6457"
              }
            ],
            "subnets": [
              "subnet-0805e394b955fa748",
              "subnet-0ca4f664d4f9b6457"
            ],
            "tags": {},
            "tags_all": {},
            "timeouts": null,
            "vpc_id": "vpc-056636436d3b55758",
            "xff_header_processing_mode": "append",
            "zone_id": "ZWKZPGTI48KDX"
          },
          "sensitive_attributes": [],
          "private": "eyJlMmJmYjczMC1lY2FhLTExZTYtOGY4OC0zNDM2M2JjN2M0YzAiOnsiY3JlYXRlIjo2MDAwMDAwMDAwMDAsImRlbGV0ZSI6NjAwMDAwMDAwMDAwLCJ1cGRhdGUiOjYwMDAwMDAwMDAwMH19",
          "dependencies": [
            "module.security-group.aws_security_group.allow_ssh",
            "module.subnet.aws_subnet.public1",
            "module.subnet.aws_subnet.public2",
            "module.vpc.aws_vpc.main"
          ]
        }
      ]
    },
    {
      "module": "module.alb",
      "mode": "managed",
      "type": "aws_lb_listener",
      "name": "this",
      "provider": "provider[\"registry.terraform.io/hashicorp/aws\"]",
      "instances": [
        {
          "schema_version": 0,
          "attributes": {
            "alpn_policy": null,
            "arn": "arn:aws:elasticloadbalancing:ap-northeast-2:108782082145:listener/app/my-alb/e605d283f97e9024/7bf5337235a8403a",
            "certificate_arn": null,
            "default_action": [
              {
                "authenticate_cognito": [],
                "authenticate_oidc": [],
                "fixed_response": [],
                "forward": [],
                "order": 1,
                "redirect": [],
                "target_group_arn": "arn:aws:elasticloadbalancing:ap-northeast-2:108782082145:targetgroup/my-target-group/9e308a9a3343564b",
                "type": "forward"
              }
            ],
            "id": "arn:aws:elasticloadbalancing:ap-northeast-2:108782082145:listener/app/my-alb/e605d283f97e9024/7bf5337235a8403a",
            "load_balancer_arn": "arn:aws:elasticloadbalancing:ap-northeast-2:108782082145:loadbalancer/app/my-alb/e605d283f97e9024",
            "mutual_authentication": [],
            "port": 8080,
            "protocol": "HTTP",
            "ssl_policy": "",
            "tags": {},
            "tags_all": {},
            "timeouts": null
          },
          "sensitive_attributes": [],
          "private": "eyJlMmJmYjczMC1lY2FhLTExZTYtOGY4OC0zNDM2M2JjN2M0YzAiOnsiY3JlYXRlIjozMDAwMDAwMDAwMDAsInVwZGF0ZSI6MzAwMDAwMDAwMDAwfX0=",
          "dependencies": [
            "module.alb.aws_lb.this",
            "module.alb.aws_lb_target_group.this",
            "module.security-group.aws_security_group.allow_ssh",
            "module.subnet.aws_subnet.public1",
            "module.subnet.aws_subnet.public2",
            "module.vpc.aws_vpc.main"
          ]
        }
      ]
    },
    {
      "module": "module.alb",
      "mode": "managed",
      "type": "aws_lb_target_group",
      "name": "this",
      "provider": "provider[\"registry.terraform.io/hashicorp/aws\"]",
      "instances": [
        {
          "schema_version": 0,
          "attributes": {
            "arn": "arn:aws:elasticloadbalancing:ap-northeast-2:108782082145:targetgroup/my-target-group/9e308a9a3343564b",
            "arn_suffix": "targetgroup/my-target-group/9e308a9a3343564b",
            "connection_termination": null,
            "deregistration_delay": "300",
            "health_check": [
              {
                "enabled": true,
                "healthy_threshold": 2,
                "interval": 30,
                "matcher": "200",
                "path": "/",
                "port": "traffic-port",
                "protocol": "HTTP",
                "timeout": 5,
                "unhealthy_threshold": 2
              }
            ],
            "id": "arn:aws:elasticloadbalancing:ap-northeast-2:108782082145:targetgroup/my-target-group/9e308a9a3343564b",
            "ip_address_type": "ipv4",
            "lambda_multi_value_headers_enabled": false,
            "load_balancer_arns": [
              "arn:aws:elasticloadbalancing:ap-northeast-2:108782082145:loadbalancer/app/my-alb/e605d283f97e9024"
            ],
            "load_balancing_algorithm_type": "round_robin",
            "load_balancing_anomaly_mitigation": "off",
            "load_balancing_cross_zone_enabled": "use_load_balancer_configuration",
            "name": "my-target-group",
            "name_prefix": "",
            "port": 8080,
            "preserve_client_ip": null,
            "protocol": "HTTP",
            "protocol_version": "HTTP1",
            "proxy_protocol_v2": false,
            "slow_start": 0,
            "stickiness": [
              {
                "cookie_duration": 86400,
                "cookie_name": "",
                "enabled": false,
                "type": "lb_cookie"
              }
            ],
            "tags": {},
            "tags_all": {},
            "target_failover": [
              {
                "on_deregistration": null,
                "on_unhealthy": null
              }
            ],
            "target_group_health": [
              {
                "dns_failover": [
                  {
                    "minimum_healthy_targets_count": "1",
                    "minimum_healthy_targets_percentage": "off"
                  }
                ],
                "unhealthy_state_routing": [
                  {
                    "minimum_healthy_targets_count": 1,
                    "minimum_healthy_targets_percentage": "off"
                  }
                ]
              }
            ],
            "target_health_state": [
              {
                "enable_unhealthy_connection_termination": null,
                "unhealthy_draining_interval": null
              }
            ],
            "target_type": "instance",
            "vpc_id": "vpc-056636436d3b55758"
          },
          "sensitive_attributes": [],
          "private": "bnVsbA==",
          "dependencies": [
            "module.vpc.aws_vpc.main"
          ]
        }
      ]
    },
    {
      "module": "module.alb",
      "mode": "managed",
      "type": "aws_lb_target_group_attachment",
      "name": "web1",
      "provider": "provider[\"registry.terraform.io/hashicorp/aws\"]",
      "instances": [
        {
          "schema_version": 0,
          "attributes": {
            "availability_zone": null,
            "id": "arn:aws:elasticloadbalancing:ap-northeast-2:108782082145:targetgroup/my-target-group/9e308a9a3343564b-20241026223856385700000001",
            "port": 8080,
            "target_group_arn": "arn:aws:elasticloadbalancing:ap-northeast-2:108782082145:targetgroup/my-target-group/9e308a9a3343564b",
            "target_id": "i-0c0d6a14fc693985e"
          },
          "sensitive_attributes": [],
          "private": "bnVsbA==",
          "dependencies": [
            "module.alb.aws_lb_target_group.this",
            "module.ec2.aws_instance.web1",
            "module.ec2.aws_instance.web2",
            "module.key_pair.aws_key_pair.my_key",
            "module.key_pair.tls_private_key.example",
            "module.security-group.aws_security_group.allow_ssh",
            "module.subnet.aws_subnet.private1",
            "module.subnet.aws_subnet.private2",
            "module.vpc.aws_vpc.main"
          ]
        }
      ]
    },
    {
      "module": "module.alb",
      "mode": "managed",
      "type": "aws_lb_target_group_attachment",
      "name": "web2",
      "provider": "provider[\"registry.terraform.io/hashicorp/aws\"]",
      "instances": [
        {
          "schema_version": 0,
          "attributes": {
            "availability_zone": null,
            "id": "arn:aws:elasticloadbalancing:ap-northeast-2:108782082145:targetgroup/my-target-group/9e308a9a3343564b-20241026223856417700000002",
            "port": 8080,
            "target_group_arn": "arn:aws:elasticloadbalancing:ap-northeast-2:108782082145:targetgroup/my-target-group/9e308a9a3343564b",
            "target_id": "i-0c0e406b541e15e2d"
          },
          "sensitive_attributes": [],
          "private": "bnVsbA==",
          "dependencies": [
            "module.alb.aws_lb_target_group.this",
            "module.ec2.aws_instance.web1",
            "module.ec2.aws_instance.web2",
            "module.key_pair.aws_key_pair.my_key",
            "module.key_pair.tls_private_key.example",
            "module.security-group.aws_security_group.allow_ssh",
            "module.subnet.aws_subnet.private1",
            "module.subnet.aws_subnet.private2",
            "module.vpc.aws_vpc.main"
          ]
        }
      ]
    },
    {
      "module": "module.ec2",
      "mode": "managed",
      "type": "aws_instance",
      "name": "bastion_host",
      "provider": "provider[\"registry.terraform.io/hashicorp/aws\"]",
      "instances": [
        {
          "schema_version": 1,
          "attributes": {
            "ami": "ami-040c33c6a51fd5d96",
            "arn": "arn:aws:ec2:ap-northeast-2:108782082145:instance/i-031d28094f35a5663",
            "associate_public_ip_address": true,
            "availability_zone": "ap-northeast-2a",
            "capacity_reservation_specification": [
              {
                "capacity_reservation_preference": "open",
                "capacity_reservation_target": []
              }
            ],
            "cpu_core_count": 1,
            "cpu_options": [
              {
                "amd_sev_snp": "",
                "core_count": 1,
                "threads_per_core": 1
              }
            ],
            "cpu_threads_per_core": 1,
            "credit_specification": [
              {
                "cpu_credits": "standard"
              }
            ],
            "disable_api_stop": false,
            "disable_api_termination": false,
            "ebs_block_device": [],
            "ebs_optimized": false,
            "enclave_options": [
              {
                "enabled": false
              }
            ],
            "ephemeral_block_device": [],
            "get_password_data": false,
            "hibernation": false,
            "host_id": "",
            "host_resource_group_arn": null,
            "iam_instance_profile": "",
            "id": "i-031d28094f35a5663",
            "instance_initiated_shutdown_behavior": "stop",
            "instance_lifecycle": "",
            "instance_market_options": [],
            "instance_state": "running",
            "instance_type": "t2.micro",
            "ipv6_address_count": 0,
            "ipv6_addresses": [],
            "key_name": "my_key",
            "launch_template": [],
            "maintenance_options": [
              {
                "auto_recovery": "default"
              }
            ],
            "metadata_options": [
              {
                "http_endpoint": "enabled",
                "http_protocol_ipv6": "disabled",
                "http_put_response_hop_limit": 2,
                "http_tokens": "required",
                "instance_metadata_tags": "disabled"
              }
            ],
            "monitoring": false,
            "network_interface": [],
            "outpost_arn": "",
            "password_data": "",
            "placement_group": "",
            "placement_partition_number": 0,
            "primary_network_interface_id": "eni-0a145aace317c7f9f",
            "private_dns": "ip-10-0-1-29.ap-northeast-2.compute.internal",
            "private_dns_name_options": [
              {
                "enable_resource_name_dns_a_record": false,
                "enable_resource_name_dns_aaaa_record": false,
                "hostname_type": "ip-name"
              }
            ],
            "private_ip": "10.0.1.29",
            "public_dns": "",
            "public_ip": "52.78.134.140",
            "root_block_device": [
              {
                "delete_on_termination": true,
                "device_name": "/dev/sda1",
                "encrypted": false,
                "iops": 3000,
                "kms_key_id": "",
                "tags": {},
                "tags_all": {},
                "throughput": 125,
                "volume_id": "vol-02a88484f23a323b3",
                "volume_size": 8,
                "volume_type": "gp3"
              }
            ],
            "secondary_private_ips": [],
            "security_groups": [],
            "source_dest_check": true,
            "spot_instance_request_id": "",
            "subnet_id": "subnet-0ca4f664d4f9b6457",
            "tags": {
              "Name": "bastion_host"
            },
            "tags_all": {
              "Name": "bastion_host"
            },
            "tenancy": "default",
            "timeouts": null,
            "user_data": null,
            "user_data_base64": null,
            "user_data_replace_on_change": false,
            "volume_tags": null,
            "vpc_security_group_ids": [
              "sg-064426b60fcabc2df"
            ]
          },
          "sensitive_attributes": [],
          "private": "eyJlMmJmYjczMC1lY2FhLTExZTYtOGY4OC0zNDM2M2JjN2M0YzAiOnsiY3JlYXRlIjo2MDAwMDAwMDAwMDAsImRlbGV0ZSI6MTIwMDAwMDAwMDAwMCwicmVhZCI6OTAwMDAwMDAwMDAwLCJ1cGRhdGUiOjYwMDAwMDAwMDAwMH0sInNjaGVtYV92ZXJzaW9uIjoiMSJ9",
          "dependencies": [
            "module.key_pair.aws_key_pair.my_key",
            "module.key_pair.tls_private_key.example",
            "module.security-group.aws_security_group.allow_ssh",
            "module.subnet.aws_subnet.public1",
            "module.subnet.aws_subnet.public2",
            "module.vpc.aws_vpc.main"
          ]
        }
      ]
    },
    {
      "module": "module.ec2",
      "mode": "managed",
      "type": "aws_instance",
      "name": "nat_instance",
      "provider": "provider[\"registry.terraform.io/hashicorp/aws\"]",
      "instances": [
        {
          "schema_version": 1,
          "attributes": {
            "ami": "ami-0c2d3e23e757b5d84",
            "arn": "arn:aws:ec2:ap-northeast-2:108782082145:instance/i-05072515b03560b99",
            "associate_public_ip_address": true,
            "availability_zone": "ap-northeast-2c",
            "capacity_reservation_specification": [
              {
                "capacity_reservation_preference": "open",
                "capacity_reservation_target": []
              }
            ],
            "cpu_core_count": 1,
            "cpu_options": [
              {
                "amd_sev_snp": "",
                "core_count": 1,
                "threads_per_core": 1
              }
            ],
            "cpu_threads_per_core": 1,
            "credit_specification": [
              {
                "cpu_credits": "standard"
              }
            ],
            "disable_api_stop": false,
            "disable_api_termination": false,
            "ebs_block_device": [],
            "ebs_optimized": false,
            "enclave_options": [
              {
                "enabled": false
              }
            ],
            "ephemeral_block_device": [],
            "get_password_data": false,
            "hibernation": false,
            "host_id": "",
            "host_resource_group_arn": null,
            "iam_instance_profile": "",
            "id": "i-05072515b03560b99",
            "instance_initiated_shutdown_behavior": "stop",
            "instance_lifecycle": "",
            "instance_market_options": [],
            "instance_state": "running",
            "instance_type": "t2.micro",
            "ipv6_address_count": 0,
            "ipv6_addresses": [],
            "key_name": "my_key",
            "launch_template": [],
            "maintenance_options": [
              {
                "auto_recovery": "default"
              }
            ],
            "metadata_options": [
              {
                "http_endpoint": "enabled",
                "http_protocol_ipv6": "disabled",
                "http_put_response_hop_limit": 1,
                "http_tokens": "optional",
                "instance_metadata_tags": "disabled"
              }
            ],
            "monitoring": false,
            "network_interface": [],
            "outpost_arn": "",
            "password_data": "",
            "placement_group": "",
            "placement_partition_number": 0,
            "primary_network_interface_id": "eni-0351dc361e6d7db8f",
            "private_dns": "ip-10-0-2-34.ap-northeast-2.compute.internal",
            "private_dns_name_options": [
              {
                "enable_resource_name_dns_a_record": false,
                "enable_resource_name_dns_aaaa_record": false,
                "hostname_type": "ip-name"
              }
            ],
            "private_ip": "10.0.2.34",
            "public_dns": "",
            "public_ip": "54.180.8.0",
            "root_block_device": [
              {
                "delete_on_termination": true,
                "device_name": "/dev/xvda",
                "encrypted": false,
                "iops": 0,
                "kms_key_id": "",
                "tags": {},
                "tags_all": {},
                "throughput": 0,
                "volume_id": "vol-06ed277e0323fda3f",
                "volume_size": 8,
                "volume_type": "standard"
              }
            ],
            "secondary_private_ips": [],
            "security_groups": [],
            "source_dest_check": false,
            "spot_instance_request_id": "",
            "subnet_id": "subnet-0805e394b955fa748",
            "tags": {
              "Name": "nat_instance"
            },
            "tags_all": {
              "Name": "nat_instance"
            },
            "tenancy": "default",
            "timeouts": null,
            "user_data": null,
            "user_data_base64": null,
            "user_data_replace_on_change": false,
            "volume_tags": null,
            "vpc_security_group_ids": [
              "sg-064426b60fcabc2df"
            ]
          },
          "sensitive_attributes": [],
          "private": "eyJlMmJmYjczMC1lY2FhLTExZTYtOGY4OC0zNDM2M2JjN2M0YzAiOnsiY3JlYXRlIjo2MDAwMDAwMDAwMDAsImRlbGV0ZSI6MTIwMDAwMDAwMDAwMCwicmVhZCI6OTAwMDAwMDAwMDAwLCJ1cGRhdGUiOjYwMDAwMDAwMDAwMH0sInNjaGVtYV92ZXJzaW9uIjoiMSJ9",
          "dependencies": [
            "module.key_pair.aws_key_pair.my_key",
            "module.key_pair.tls_private_key.example",
            "module.security-group.aws_security_group.allow_ssh",
            "module.subnet.aws_subnet.public1",
            "module.subnet.aws_subnet.public2",
            "module.vpc.aws_vpc.main"
          ]
        }
      ]
    },
    {
      "module": "module.ec2",
      "mode": "managed",
      "type": "aws_instance",
      "name": "web1",
      "provider": "provider[\"registry.terraform.io/hashicorp/aws\"]",
      "instances": [
        {
          "schema_version": 1,
          "attributes": {
            "ami": "ami-040c33c6a51fd5d96",
            "arn": "arn:aws:ec2:ap-northeast-2:108782082145:instance/i-0c0d6a14fc693985e",
            "associate_public_ip_address": false,
            "availability_zone": "ap-northeast-2a",
            "capacity_reservation_specification": [
              {
                "capacity_reservation_preference": "open",
                "capacity_reservation_target": []
              }
            ],
            "cpu_core_count": 1,
            "cpu_options": [
              {
                "amd_sev_snp": "",
                "core_count": 1,
                "threads_per_core": 1
              }
            ],
            "cpu_threads_per_core": 1,
            "credit_specification": [
              {
                "cpu_credits": "standard"
              }
            ],
            "disable_api_stop": false,
            "disable_api_termination": false,
            "ebs_block_device": [],
            "ebs_optimized": false,
            "enclave_options": [
              {
                "enabled": false
              }
            ],
            "ephemeral_block_device": [],
            "get_password_data": false,
            "hibernation": false,
            "host_id": "",
            "host_resource_group_arn": null,
            "iam_instance_profile": "",
            "id": "i-0c0d6a14fc693985e",
            "instance_initiated_shutdown_behavior": "stop",
            "instance_lifecycle": "",
            "instance_market_options": [],
            "instance_state": "running",
            "instance_type": "t2.micro",
            "ipv6_address_count": 0,
            "ipv6_addresses": [],
            "key_name": "my_key",
            "launch_template": [],
            "maintenance_options": [
              {
                "auto_recovery": "default"
              }
            ],
            "metadata_options": [
              {
                "http_endpoint": "enabled",
                "http_protocol_ipv6": "disabled",
                "http_put_response_hop_limit": 2,
                "http_tokens": "required",
                "instance_metadata_tags": "disabled"
              }
            ],
            "monitoring": false,
            "network_interface": [],
            "outpost_arn": "",
            "password_data": "",
            "placement_group": "",
            "placement_partition_number": 0,
            "primary_network_interface_id": "eni-0a95623d8729b2cae",
            "private_dns": "ip-10-0-3-147.ap-northeast-2.compute.internal",
            "private_dns_name_options": [
              {
                "enable_resource_name_dns_a_record": false,
                "enable_resource_name_dns_aaaa_record": false,
                "hostname_type": "ip-name"
              }
            ],
            "private_ip": "10.0.3.147",
            "public_dns": "",
            "public_ip": "",
            "root_block_device": [
              {
                "delete_on_termination": true,
                "device_name": "/dev/sda1",
                "encrypted": false,
                "iops": 3000,
                "kms_key_id": "",
                "tags": {},
                "tags_all": {},
                "throughput": 125,
                "volume_id": "vol-03afaad1b03633c4b",
                "volume_size": 8,
                "volume_type": "gp3"
              }
            ],
            "secondary_private_ips": [],
            "security_groups": [],
            "source_dest_check": true,
            "spot_instance_request_id": "",
            "subnet_id": "subnet-0473c3756442dedd9",
            "tags": {
              "Name": "web1"
            },
            "tags_all": {
              "Name": "web1"
            },
            "tenancy": "default",
            "timeouts": null,
            "user_data": null,
            "user_data_base64": null,
            "user_data_replace_on_change": false,
            "volume_tags": null,
            "vpc_security_group_ids": [
              "sg-064426b60fcabc2df"
            ]
          },
          "sensitive_attributes": [],
          "private": "eyJlMmJmYjczMC1lY2FhLTExZTYtOGY4OC0zNDM2M2JjN2M0YzAiOnsiY3JlYXRlIjo2MDAwMDAwMDAwMDAsImRlbGV0ZSI6MTIwMDAwMDAwMDAwMCwicmVhZCI6OTAwMDAwMDAwMDAwLCJ1cGRhdGUiOjYwMDAwMDAwMDAwMH0sInNjaGVtYV92ZXJzaW9uIjoiMSJ9",
          "dependencies": [
            "module.key_pair.aws_key_pair.my_key",
            "module.key_pair.tls_private_key.example",
            "module.security-group.aws_security_group.allow_ssh",
            "module.subnet.aws_subnet.private1",
            "module.subnet.aws_subnet.private2",
            "module.vpc.aws_vpc.main"
          ]
        }
      ]
    },
    {
      "module": "module.ec2",
      "mode": "managed",
      "type": "aws_instance",
      "name": "web2",
      "provider": "provider[\"registry.terraform.io/hashicorp/aws\"]",
      "instances": [
        {
          "schema_version": 1,
          "attributes": {
            "ami": "ami-040c33c6a51fd5d96",
            "arn": "arn:aws:ec2:ap-northeast-2:108782082145:instance/i-0c0e406b541e15e2d",
            "associate_public_ip_address": false,
            "availability_zone": "ap-northeast-2c",
            "capacity_reservation_specification": [
              {
                "capacity_reservation_preference": "open",
                "capacity_reservation_target": []
              }
            ],
            "cpu_core_count": 1,
            "cpu_options": [
              {
                "amd_sev_snp": "",
                "core_count": 1,
                "threads_per_core": 1
              }
            ],
            "cpu_threads_per_core": 1,
            "credit_specification": [
              {
                "cpu_credits": "standard"
              }
            ],
            "disable_api_stop": false,
            "disable_api_termination": false,
            "ebs_block_device": [],
            "ebs_optimized": false,
            "enclave_options": [
              {
                "enabled": false
              }
            ],
            "ephemeral_block_device": [],
            "get_password_data": false,
            "hibernation": false,
            "host_id": "",
            "host_resource_group_arn": null,
            "iam_instance_profile": "",
            "id": "i-0c0e406b541e15e2d",
            "instance_initiated_shutdown_behavior": "stop",
            "instance_lifecycle": "",
            "instance_market_options": [],
            "instance_state": "running",
            "instance_type": "t2.micro",
            "ipv6_address_count": 0,
            "ipv6_addresses": [],
            "key_name": "my_key",
            "launch_template": [],
            "maintenance_options": [
              {
                "auto_recovery": "default"
              }
            ],
            "metadata_options": [
              {
                "http_endpoint": "enabled",
                "http_protocol_ipv6": "disabled",
                "http_put_response_hop_limit": 2,
                "http_tokens": "required",
                "instance_metadata_tags": "disabled"
              }
            ],
            "monitoring": false,
            "network_interface": [],
            "outpost_arn": "",
            "password_data": "",
            "placement_group": "",
            "placement_partition_number": 0,
            "primary_network_interface_id": "eni-0be16ff5d883ff158",
            "private_dns": "ip-10-0-4-219.ap-northeast-2.compute.internal",
            "private_dns_name_options": [
              {
                "enable_resource_name_dns_a_record": false,
                "enable_resource_name_dns_aaaa_record": false,
                "hostname_type": "ip-name"
              }
            ],
            "private_ip": "10.0.4.219",
            "public_dns": "",
            "public_ip": "",
            "root_block_device": [
              {
                "delete_on_termination": true,
                "device_name": "/dev/sda1",
                "encrypted": false,
                "iops": 3000,
                "kms_key_id": "",
                "tags": {},
                "tags_all": {},
                "throughput": 125,
                "volume_id": "vol-0d29b7b040445afdd",
                "volume_size": 8,
                "volume_type": "gp3"
              }
            ],
            "secondary_private_ips": [],
            "security_groups": [],
            "source_dest_check": true,
            "spot_instance_request_id": "",
            "subnet_id": "subnet-0448980ce7a5c64c0",
            "tags": {
              "Name": "web2"
            },
            "tags_all": {
              "Name": "web2"
            },
            "tenancy": "default",
            "timeouts": null,
            "user_data": null,
            "user_data_base64": null,
            "user_data_replace_on_change": false,
            "volume_tags": null,
            "vpc_security_group_ids": [
              "sg-064426b60fcabc2df"
            ]
          },
          "sensitive_attributes": [],
          "private": "eyJlMmJmYjczMC1lY2FhLTExZTYtOGY4OC0zNDM2M2JjN2M0YzAiOnsiY3JlYXRlIjo2MDAwMDAwMDAwMDAsImRlbGV0ZSI6MTIwMDAwMDAwMDAwMCwicmVhZCI6OTAwMDAwMDAwMDAwLCJ1cGRhdGUiOjYwMDAwMDAwMDAwMH0sInNjaGVtYV92ZXJzaW9uIjoiMSJ9",
          "dependencies": [
            "module.key_pair.aws_key_pair.my_key",
            "module.key_pair.tls_private_key.example",
            "module.security-group.aws_security_group.allow_ssh",
            "module.subnet.aws_subnet.private1",
            "module.subnet.aws_subnet.private2",
            "module.vpc.aws_vpc.main"
          ]
        }
      ]
    },
    {
      "module": "module.key_pair",
      "mode": "managed",
      "type": "aws_key_pair",
      "name": "my_key",
      "provider": "provider[\"registry.terraform.io/hashicorp/aws\"]",
      "instances": [
        {
          "schema_version": 1,
          "attributes": {
            "arn": "arn:aws:ec2:ap-northeast-2:108782082145:key-pair/my_key",
            "fingerprint": "d4:94:a5:0c:5f:a1:60:7b:79:30:7a:38:0c:89:00:52",
            "id": "my_key",
            "key_name": "my_key",
            "key_name_prefix": "",
            "key_pair_id": "key-04be4a796028af554",
            "key_type": "rsa",
            "public_key": "ssh-rsa AAAAB3NzaC1yc2EAAAADAQABAAABAQCZFpGws7Vc37QfV41DlL9Sv1VHkv1jhgb/2Msy7WQt4aCAz9HbOa/rdCh9y7FXySRRtJK/xgT+sTGI+RIavcdY25oKb9CAbdzhjZwKayEll33oVzVqF2U3PMZGuFwXFwMqZWv5CQ2YXd/NpmUwzJ6KjHFxAYjnKBxAA8CJKikEEh9xYG8437hPIUdzEO5LTDHDR48lljYIwk7hFCbDAywPz3ETmroWrZVVFltdjA22Txwt9+VhuginAxi7kpWFVi3MFmQgd5qchRsCbRW00Scb1B3dtfuMr0y/FhRFlGCE7TMxpmKXwbgQP+173YW7oXlxnatp8iE1MLiVbXtz13RH",
            "tags": {},
            "tags_all": {}
          },
          "sensitive_attributes": [],
          "private": "eyJzY2hlbWFfdmVyc2lvbiI6IjEifQ==",
          "dependencies": [
            "module.key_pair.tls_private_key.example"
          ]
        }
      ]
    },
    {
      "module": "module.key_pair",
      "mode": "managed",
      "type": "local_file",
      "name": "private_key",
      "provider": "provider[\"registry.terraform.io/hashicorp/local\"]",
      "instances": [
        {
          "schema_version": 0,
          "attributes": {
            "content": "-----BEGIN RSA PRIVATE KEY-----\nMIIEpAIBAAKCAQEAmRaRsLO1XN+0H1eNQ5S/Ur9VR5L9Y4YG/9jLMu1kLeGggM/R\n2zmv63QofcuxV8kkUbSSv8YE/rExiPkSGr3HWNuaCm/QgG3c4Y2cCmshJZd96Fc1\nahdlNzzGRrhcFxcDKmVr+QkNmF3fzaZlMMyeioxxcQGI5ygcQAPAiSopBBIfcWBv\nON+4TyFHcxDuS0wxw0ePJZY2CMJO4RQmwwMsD89xE5q6Fq2VVRZbXYwNtk8cLffl\nYboIpwMYu5KVhVYtzBZkIHeanIUbAm0VtNEnG9Qd3bX7jK9MvxYURZRghO0zMaZi\nl8G4ED/te92Fu6F5cZ2rafIhNTC4lW17c9d0RwIDAQABAoIBABFxzPBByiznIPNh\nWquUy6h2PRWG3nD02N9WqPEItB22VD/ZbqR4kl9WQTb0eyTxur3EweQwgGk1b9uX\n5kQ90/WAMLF3xF6eJkldhaZ6RrCt7p8HMQMB33rH5iAw6e2Hpciy/fbG3VG7gMFC\ncM16w6YuEs85yYvtuiphQxNeRoY8DVMKoOQKeo9NLl37zhSvvluYoNr0ZiFp/3BL\nO4zP3tkTu8o+KULupAbNnfm5u77cEpkjD8isxcwsy+PYTS4gaXmXQkbNRYeDva7Q\nCUFCuPGkoXp4IvsFGeqouwt5y6MPE3xsLog+IlNgdIBb7yL4e8+0hPf1t8+LUSsG\nOq9Mv2ECgYEAxqjW26eO5+7aVthuH7oJfmhooBIshwJAW0JJSpcMAy7mLgwucjQI\ndOou/4+I+MtSc2v2Czs3JlAgOAF98+eXK4XojxyKElAgWTTuc61t6Pv6abJ8QTww\nzODk1Ld0HHqfSWuJYR+HZEAc6oVJkSEgQLfSpj8tGQ5HNn98nVRTNssCgYEAxUZp\n54eaFUkc7Kf/xV0X0LiOtEQvGNGTViE8z44pfmhuyRAhtJUtLwotz44f9pgsdqsN\nM4+GXU1WDhdQhFOlyvJf4oT4w8fkyNhnu1nvByCef67w3kSy+9THD2toAlTNweO+\nBL71RNC6HsUzTee3Jp6h3JBIQxHTaF1DWrYXjPUCgYA2fi/Ztt+rXUiFE/85MrXR\n99/jMLkIG6T9o3QpQr+ny+CV9v9ykjVTpL1ZmszOui8WvCGUuRyKpOYBlt8u3XMJ\nHEVLpF93YIVPEwbpskP46c2p2qzc1B7qxDHg66Ws/jHdWOMpQhXIeRG1fvRMHBMV\nzZa5xZCgU9tS5quPGIdu+wKBgQCvhhoehhmDjNzud//r1Auniz51iCE7fOUSAlq/\n9aZXsYW44eCLcxuTugPOo48u8nDFWSZS1QXhKDlEKlxakK54JzVHL7bDQ6z9Qwbw\nvHEfr1c3Fil8KjXyOXyv7InLYTb9p6vfPyStiOXBEQa3706XTxeHTtzsyASI3Epc\ngJ3trQKBgQCx6NjgsNCGgl8j9fpe5Lt7iPJn1UsDYUQkrWFWgQ1E7SkIHq2ph/fO\nKZ4Rj2RqfDNFn5QsBAqVOZED+v+BITeAgd+p7WbWsrGAWJfnZPlwvNTfNuyo1tJL\nvd0Hgvr6gmvDDf7k1SQOOBe1QAn0hDoX5rSRKf5jFuzshfu6nJ3MBw==\n-----END RSA PRIVATE KEY-----\n",
            "content_base64": null,
            "content_base64sha256": "pH2HkLkcEs9/RMaWrYGD8piv+9UuclniTZgF4vK70rw=",
            "content_base64sha512": "RWD6GV8KtGFNnbW68nPnWHw0Jfr3+FnQfpV5hTLqq7lULlluNCUnUPkkgjXlrngColuZ9sGzYsW2/6KcC+xPSA==",
            "content_md5": "bcd78fe328c6fa6998520d6a95619bf1",
            "content_sha1": "5c53426483b90c174ac2c6f896046b436713c9aa",
            "content_sha256": "a47d8790b91c12cf7f44c696ad8183f298affbd52e7259e24d9805e2f2bbd2bc",
            "content_sha512": "4560fa195f0ab4614d9db5baf273e7587c3425faf7f859d07e95798532eaabb9542e596e34252750f9248235e5ae7802a25b99f6c1b362c5b6ffa29c0bec4f48",
            "directory_permission": "0777",
            "file_permission": "0777",
            "filename": "modules/key-pair/my_key.pem",
            "id": "5c53426483b90c174ac2c6f896046b436713c9aa",
            "sensitive_content": null,
            "source": null
          },
          "sensitive_attributes": [
            [
              {
                "type": "get_attr",
                "value": "sensitive_content"
              }
            ],
            [
              {
                "type": "get_attr",
                "value": "content"
              }
            ]
          ],
          "dependencies": [
            "module.key_pair.tls_private_key.example"
          ]
        }
      ]
    },
    {
      "module": "module.key_pair",
      "mode": "managed",
      "type": "tls_private_key",
      "name": "example",
      "provider": "provider[\"registry.terraform.io/hashicorp/tls\"]",
      "instances": [
        {
          "schema_version": 1,
          "attributes": {
            "algorithm": "RSA",
            "ecdsa_curve": "P224",
            "id": "66ffcc3a92d38f36a473dd5eacc1645cd0416bcb",
            "private_key_openssh": "-----BEGIN OPENSSH PRIVATE KEY-----\nb3BlbnNzaC1rZXktdjEAAAAABG5vbmUAAAAEbm9uZQAAAAAAAAABAAABFwAAAAdz\nc2gtcnNhAAAAAwEAAQAAAQEAmRaRsLO1XN+0H1eNQ5S/Ur9VR5L9Y4YG/9jLMu1k\nLeGggM/R2zmv63QofcuxV8kkUbSSv8YE/rExiPkSGr3HWNuaCm/QgG3c4Y2cCmsh\nJZd96Fc1ahdlNzzGRrhcFxcDKmVr+QkNmF3fzaZlMMyeioxxcQGI5ygcQAPAiSop\nBBIfcWBvON+4TyFHcxDuS0wxw0ePJZY2CMJO4RQmwwMsD89xE5q6Fq2VVRZbXYwN\ntk8cLfflYboIpwMYu5KVhVYtzBZkIHeanIUbAm0VtNEnG9Qd3bX7jK9MvxYURZRg\nhO0zMaZil8G4ED/te92Fu6F5cZ2rafIhNTC4lW17c9d0RwAAA7gloJsoJaCbKAAA\nAAdzc2gtcnNhAAABAQCZFpGws7Vc37QfV41DlL9Sv1VHkv1jhgb/2Msy7WQt4aCA\nz9HbOa/rdCh9y7FXySRRtJK/xgT+sTGI+RIavcdY25oKb9CAbdzhjZwKayEll33o\nVzVqF2U3PMZGuFwXFwMqZWv5CQ2YXd/NpmUwzJ6KjHFxAYjnKBxAA8CJKikEEh9x\nYG8437hPIUdzEO5LTDHDR48lljYIwk7hFCbDAywPz3ETmroWrZVVFltdjA22Txwt\n9+VhuginAxi7kpWFVi3MFmQgd5qchRsCbRW00Scb1B3dtfuMr0y/FhRFlGCE7TMx\npmKXwbgQP+173YW7oXlxnatp8iE1MLiVbXtz13RHAAAAAwEAAQAAAQARcczwQcos\n5yDzYVqrlMuodj0Vht5w9NjfVqjxCLQdtlQ/2W6keJJfVkE29Hsk8bq9xMHkMIBp\nNW/bl+ZEPdP1gDCxd8ReniZJXYWmekawre6fBzEDAd96x+YgMOnth6XIsv32xt1R\nu4DBQnDNesOmLhLPOcmL7boqYUMTXkaGPA1TCqDkCnqPTS5d+84Ur75bmKDa9GYh\naf9wSzuMz97ZE7vKPilC7qQGzZ35ubu+3BKZIw/IrMXMLMvj2E0uIGl5l0JGzUWH\ng72u0AlBQrjxpKF6eCL7BRnqqLsLecujDxN8bC6IPiJTYHSAW+8i+HvPtIT39bfP\ni1ErBjqvTL9hAAAAgQCx6NjgsNCGgl8j9fpe5Lt7iPJn1UsDYUQkrWFWgQ1E7SkI\nHq2ph/fOKZ4Rj2RqfDNFn5QsBAqVOZED+v+BITeAgd+p7WbWsrGAWJfnZPlwvNTf\nNuyo1tJLvd0Hgvr6gmvDDf7k1SQOOBe1QAn0hDoX5rSRKf5jFuzshfu6nJ3MBwAA\nAIEAxqjW26eO5+7aVthuH7oJfmhooBIshwJAW0JJSpcMAy7mLgwucjQIdOou/4+I\n+MtSc2v2Czs3JlAgOAF98+eXK4XojxyKElAgWTTuc61t6Pv6abJ8QTwwzODk1Ld0\nHHqfSWuJYR+HZEAc6oVJkSEgQLfSpj8tGQ5HNn98nVRTNssAAACBAMVGaeeHmhVJ\nHOyn/8VdF9C4jrRELxjRk1YhPM+OKX5obskQIbSVLS8KLc+OH/aYLHarDTOPhl1N\nVg4XUIRTpcryX+KE+MPH5MjYZ7tZ7wcgnn+u8N5EsvvUxw9raAJUzcHjvgS+9UTQ\nuh7FM03ntyaeodyQSEMR02hdQ1q2F4z1AAAAAAEC\n-----END OPENSSH PRIVATE KEY-----\n",
            "private_key_pem": "-----BEGIN RSA PRIVATE KEY-----\nMIIEpAIBAAKCAQEAmRaRsLO1XN+0H1eNQ5S/Ur9VR5L9Y4YG/9jLMu1kLeGggM/R\n2zmv63QofcuxV8kkUbSSv8YE/rExiPkSGr3HWNuaCm/QgG3c4Y2cCmshJZd96Fc1\nahdlNzzGRrhcFxcDKmVr+QkNmF3fzaZlMMyeioxxcQGI5ygcQAPAiSopBBIfcWBv\nON+4TyFHcxDuS0wxw0ePJZY2CMJO4RQmwwMsD89xE5q6Fq2VVRZbXYwNtk8cLffl\nYboIpwMYu5KVhVYtzBZkIHeanIUbAm0VtNEnG9Qd3bX7jK9MvxYURZRghO0zMaZi\nl8G4ED/te92Fu6F5cZ2rafIhNTC4lW17c9d0RwIDAQABAoIBABFxzPBByiznIPNh\nWquUy6h2PRWG3nD02N9WqPEItB22VD/ZbqR4kl9WQTb0eyTxur3EweQwgGk1b9uX\n5kQ90/WAMLF3xF6eJkldhaZ6RrCt7p8HMQMB33rH5iAw6e2Hpciy/fbG3VG7gMFC\ncM16w6YuEs85yYvtuiphQxNeRoY8DVMKoOQKeo9NLl37zhSvvluYoNr0ZiFp/3BL\nO4zP3tkTu8o+KULupAbNnfm5u77cEpkjD8isxcwsy+PYTS4gaXmXQkbNRYeDva7Q\nCUFCuPGkoXp4IvsFGeqouwt5y6MPE3xsLog+IlNgdIBb7yL4e8+0hPf1t8+LUSsG\nOq9Mv2ECgYEAxqjW26eO5+7aVthuH7oJfmhooBIshwJAW0JJSpcMAy7mLgwucjQI\ndOou/4+I+MtSc2v2Czs3JlAgOAF98+eXK4XojxyKElAgWTTuc61t6Pv6abJ8QTww\nzODk1Ld0HHqfSWuJYR+HZEAc6oVJkSEgQLfSpj8tGQ5HNn98nVRTNssCgYEAxUZp\n54eaFUkc7Kf/xV0X0LiOtEQvGNGTViE8z44pfmhuyRAhtJUtLwotz44f9pgsdqsN\nM4+GXU1WDhdQhFOlyvJf4oT4w8fkyNhnu1nvByCef67w3kSy+9THD2toAlTNweO+\nBL71RNC6HsUzTee3Jp6h3JBIQxHTaF1DWrYXjPUCgYA2fi/Ztt+rXUiFE/85MrXR\n99/jMLkIG6T9o3QpQr+ny+CV9v9ykjVTpL1ZmszOui8WvCGUuRyKpOYBlt8u3XMJ\nHEVLpF93YIVPEwbpskP46c2p2qzc1B7qxDHg66Ws/jHdWOMpQhXIeRG1fvRMHBMV\nzZa5xZCgU9tS5quPGIdu+wKBgQCvhhoehhmDjNzud//r1Auniz51iCE7fOUSAlq/\n9aZXsYW44eCLcxuTugPOo48u8nDFWSZS1QXhKDlEKlxakK54JzVHL7bDQ6z9Qwbw\nvHEfr1c3Fil8KjXyOXyv7InLYTb9p6vfPyStiOXBEQa3706XTxeHTtzsyASI3Epc\ngJ3trQKBgQCx6NjgsNCGgl8j9fpe5Lt7iPJn1UsDYUQkrWFWgQ1E7SkIHq2ph/fO\nKZ4Rj2RqfDNFn5QsBAqVOZED+v+BITeAgd+p7WbWsrGAWJfnZPlwvNTfNuyo1tJL\nvd0Hgvr6gmvDDf7k1SQOOBe1QAn0hDoX5rSRKf5jFuzshfu6nJ3MBw==\n-----END RSA PRIVATE KEY-----\n",
            "private_key_pem_pkcs8": "-----BEGIN PRIVATE KEY-----\nMIIEvgIBADANBgkqhkiG9w0BAQEFAASCBKgwggSkAgEAAoIBAQCZFpGws7Vc37Qf\nV41DlL9Sv1VHkv1jhgb/2Msy7WQt4aCAz9HbOa/rdCh9y7FXySRRtJK/xgT+sTGI\n+RIavcdY25oKb9CAbdzhjZwKayEll33oVzVqF2U3PMZGuFwXFwMqZWv5CQ2YXd/N\npmUwzJ6KjHFxAYjnKBxAA8CJKikEEh9xYG8437hPIUdzEO5LTDHDR48lljYIwk7h\nFCbDAywPz3ETmroWrZVVFltdjA22Txwt9+VhuginAxi7kpWFVi3MFmQgd5qchRsC\nbRW00Scb1B3dtfuMr0y/FhRFlGCE7TMxpmKXwbgQP+173YW7oXlxnatp8iE1MLiV\nbXtz13RHAgMBAAECggEAEXHM8EHKLOcg82Faq5TLqHY9FYbecPTY31ao8Qi0HbZU\nP9lupHiSX1ZBNvR7JPG6vcTB5DCAaTVv25fmRD3T9YAwsXfEXp4mSV2FpnpGsK3u\nnwcxAwHfesfmIDDp7YelyLL99sbdUbuAwUJwzXrDpi4SzznJi+26KmFDE15GhjwN\nUwqg5Ap6j00uXfvOFK++W5ig2vRmIWn/cEs7jM/e2RO7yj4pQu6kBs2d+bm7vtwS\nmSMPyKzFzCzL49hNLiBpeZdCRs1Fh4O9rtAJQUK48aShengi+wUZ6qi7C3nLow8T\nfGwuiD4iU2B0gFvvIvh7z7SE9/W3z4tRKwY6r0y/YQKBgQDGqNbbp47n7tpW2G4f\nugl+aGigEiyHAkBbQklKlwwDLuYuDC5yNAh06i7/j4j4y1Jza/YLOzcmUCA4AX3z\n55crheiPHIoSUCBZNO5zrW3o+/ppsnxBPDDM4OTUt3Qcep9Ja4lhH4dkQBzqhUmR\nISBAt9KmPy0ZDkc2f3ydVFM2ywKBgQDFRmnnh5oVSRzsp//FXRfQuI60RC8Y0ZNW\nITzPjil+aG7JECG0lS0vCi3Pjh/2mCx2qw0zj4ZdTVYOF1CEU6XK8l/ihPjDx+TI\n2Ge7We8HIJ5/rvDeRLL71McPa2gCVM3B474EvvVE0LoexTNN57cmnqHckEhDEdNo\nXUNatheM9QKBgDZ+L9m236tdSIUT/zkytdH33+MwuQgbpP2jdClCv6fL4JX2/3KS\nNVOkvVmazM66Lxa8IZS5HIqk5gGW3y7dcwkcRUukX3dghU8TBumyQ/jpzanarNzU\nHurEMeDrpaz+Md1Y4ylCFch5EbV+9EwcExXNlrnFkKBT21Lmq48Yh277AoGBAK+G\nGh6GGYOM3O53/+vUC6eLPnWIITt85RICWr/1plexhbjh4ItzG5O6A86jjy7ycMVZ\nJlLVBeEoOUQqXFqQrngnNUcvtsNDrP1DBvC8cR+vVzcWKXwqNfI5fK/sicthNv2n\nq98/JK2I5cERBrfvTpdPF4dO3OzIBIjcSlyAne2tAoGBALHo2OCw0IaCXyP1+l7k\nu3uI8mfVSwNhRCStYVaBDUTtKQgeramH984pnhGPZGp8M0WflCwECpU5kQP6/4Eh\nN4CB36ntZtaysYBYl+dk+XC81N827KjW0ku93QeC+vqCa8MN/uTVJA44F7VACfSE\nOhfmtJEp/mMW7OyF+7qcncwH\n-----END PRIVATE KEY-----\n",
            "public_key_fingerprint_md5": "ef:13:6e:d7:a3:d4:2d:83:42:d0:ee:22:49:f3:88:14",
            "public_key_fingerprint_sha256": "SHA256:pqSGWRYp2EJw18utRnDt2AK6sK6UgaBMieiw9mtvo6w",
            "public_key_openssh": "ssh-rsa AAAAB3NzaC1yc2EAAAADAQABAAABAQCZFpGws7Vc37QfV41DlL9Sv1VHkv1jhgb/2Msy7WQt4aCAz9HbOa/rdCh9y7FXySRRtJK/xgT+sTGI+RIavcdY25oKb9CAbdzhjZwKayEll33oVzVqF2U3PMZGuFwXFwMqZWv5CQ2YXd/NpmUwzJ6KjHFxAYjnKBxAA8CJKikEEh9xYG8437hPIUdzEO5LTDHDR48lljYIwk7hFCbDAywPz3ETmroWrZVVFltdjA22Txwt9+VhuginAxi7kpWFVi3MFmQgd5qchRsCbRW00Scb1B3dtfuMr0y/FhRFlGCE7TMxpmKXwbgQP+173YW7oXlxnatp8iE1MLiVbXtz13RH\n",
            "public_key_pem": "-----BEGIN PUBLIC KEY-----\nMIIBIjANBgkqhkiG9w0BAQEFAAOCAQ8AMIIBCgKCAQEAmRaRsLO1XN+0H1eNQ5S/\nUr9VR5L9Y4YG/9jLMu1kLeGggM/R2zmv63QofcuxV8kkUbSSv8YE/rExiPkSGr3H\nWNuaCm/QgG3c4Y2cCmshJZd96Fc1ahdlNzzGRrhcFxcDKmVr+QkNmF3fzaZlMMye\nioxxcQGI5ygcQAPAiSopBBIfcWBvON+4TyFHcxDuS0wxw0ePJZY2CMJO4RQmwwMs\nD89xE5q6Fq2VVRZbXYwNtk8cLfflYboIpwMYu5KVhVYtzBZkIHeanIUbAm0VtNEn\nG9Qd3bX7jK9MvxYURZRghO0zMaZil8G4ED/te92Fu6F5cZ2rafIhNTC4lW17c9d0\nRwIDAQAB\n-----END PUBLIC KEY-----\n",
            "rsa_bits": 2048
          },
          "sensitive_attributes": [
            [
              {
                "type": "get_attr",
                "value": "private_key_openssh"
              }
            ],
            [
              {
                "type": "get_attr",
                "value": "private_key_pem"
              }
            ],
            [
              {
                "type": "get_attr",
                "value": "private_key_pem_pkcs8"
              }
            ]
          ]
        }
      ]
    },
    {
      "module": "module.rds",
      "mode": "managed",
      "type": "aws_db_instance",
      "name": "this",
      "provider": "provider[\"registry.terraform.io/hashicorp/aws\"]",
      "instances": [
        {
          "schema_version": 2,
          "attributes": {
            "address": "mydatabase.ch64mwcw49o3.ap-northeast-2.rds.amazonaws.com",
            "allocated_storage": 20,
            "allow_major_version_upgrade": null,
            "apply_immediately": false,
            "arn": "arn:aws:rds:ap-northeast-2:108782082145:db:mydatabase",
            "auto_minor_version_upgrade": true,
            "availability_zone": "ap-northeast-2c",
            "backup_retention_period": 0,
            "backup_target": "region",
            "backup_window": "15:12-15:42",
            "blue_green_update": [],
            "ca_cert_identifier": "rds-ca-rsa2048-g1",
            "character_set_name": "",
            "copy_tags_to_snapshot": false,
            "custom_iam_instance_profile": "",
            "customer_owned_ip_enabled": false,
            "db_name": "",
            "db_subnet_group_name": "mydatabase-subnet-group",
            "dedicated_log_volume": false,
            "delete_automated_backups": true,
            "deletion_protection": false,
            "domain": "",
            "domain_auth_secret_arn": "",
            "domain_dns_ips": [],
            "domain_fqdn": "",
            "domain_iam_role_name": "",
            "domain_ou": "",
            "enabled_cloudwatch_logs_exports": [],
            "endpoint": "mydatabase.ch64mwcw49o3.ap-northeast-2.rds.amazonaws.com:5432",
            "engine": "postgres",
            "engine_lifecycle_support": "open-source-rds-extended-support",
            "engine_version": "16.3",
            "engine_version_actual": "16.3",
            "final_snapshot_identifier": "mydatabase-final-snapshot",
            "hosted_zone_id": "ZLA2NUCOLGUUR",
            "iam_database_authentication_enabled": false,
            "id": "db-RHGEUBFAM4P4DHLFWCUTXM34MU",
            "identifier": "mydatabase",
            "identifier_prefix": "",
            "instance_class": "db.t3.micro",
            "iops": 0,
            "kms_key_id": "",
            "latest_restorable_time": "",
            "license_model": "postgresql-license",
            "listener_endpoint": [],
            "maintenance_window": "sun:17:40-sun:18:10",
            "manage_master_user_password": null,
            "master_user_secret": [],
            "master_user_secret_kms_key_id": null,
            "max_allocated_storage": 0,
            "monitoring_interval": 0,
            "monitoring_role_arn": "",
            "multi_az": false,
            "nchar_character_set_name": "",
            "network_type": "IPV4",
            "option_group_name": "default:postgres-16",
            "parameter_group_name": "default.postgres16",
            "password": "test1234",
            "performance_insights_enabled": false,
            "performance_insights_kms_key_id": "",
            "performance_insights_retention_period": 0,
            "port": 5432,
            "publicly_accessible": false,
            "replica_mode": "",
            "replicas": [],
            "replicate_source_db": "",
            "resource_id": "db-RHGEUBFAM4P4DHLFWCUTXM34MU",
            "restore_to_point_in_time": [],
            "s3_import": [],
            "skip_final_snapshot": false,
            "snapshot_identifier": null,
            "status": "available",
            "storage_encrypted": false,
            "storage_throughput": 0,
            "storage_type": "gp2",
            "tags": {},
            "tags_all": {},
            "timeouts": null,
            "timezone": "",
            "upgrade_storage_config": null,
            "username": "postgres",
            "vpc_security_group_ids": [
              "sg-064426b60fcabc2df"
            ]
          },
          "sensitive_attributes": [
            [
              {
                "type": "get_attr",
                "value": "password"
              }
            ]
          ],
          "private": "eyJlMmJmYjczMC1lY2FhLTExZTYtOGY4OC0zNDM2M2JjN2M0YzAiOnsiY3JlYXRlIjoyNDAwMDAwMDAwMDAwLCJkZWxldGUiOjM2MDAwMDAwMDAwMDAsInVwZGF0ZSI6NDgwMDAwMDAwMDAwMH0sInNjaGVtYV92ZXJzaW9uIjoiMiJ9",
          "dependencies": [
            "module.rds.aws_db_subnet_group.this",
            "module.security-group.aws_security_group.allow_ssh",
            "module.subnet.aws_subnet.private1",
            "module.subnet.aws_subnet.private2",
            "module.vpc.aws_vpc.main"
          ]
        }
      ]
    },
    {
      "module": "module.rds",
      "mode": "managed",
      "type": "aws_db_subnet_group",
      "name": "this",
      "provider": "provider[\"registry.terraform.io/hashicorp/aws\"]",
      "instances": [
        {
          "schema_version": 0,
          "attributes": {
            "arn": "arn:aws:rds:ap-northeast-2:108782082145:subgrp:mydatabase-subnet-group",
            "description": "Managed by Terraform",
            "id": "mydatabase-subnet-group",
            "name": "mydatabase-subnet-group",
            "name_prefix": "",
            "subnet_ids": [
              "subnet-0448980ce7a5c64c0",
              "subnet-0473c3756442dedd9"
            ],
            "supported_network_types": [
              "IPV4"
            ],
            "tags": {
              "Name": "mydatabase-subnet-group"
            },
            "tags_all": {
              "Name": "mydatabase-subnet-group"
            },
            "vpc_id": "vpc-056636436d3b55758"
          },
          "sensitive_attributes": [],
          "private": "bnVsbA==",
          "dependencies": [
            "module.subnet.aws_subnet.private1",
            "module.subnet.aws_subnet.private2",
            "module.vpc.aws_vpc.main"
          ]
        }
      ]
    },
    {
      "module": "module.s3",
      "mode": "managed",
      "type": "aws_s3_bucket",
      "name": "this",
      "provider": "provider[\"registry.terraform.io/hashicorp/aws\"]",
      "instances": [
        {
          "schema_version": 0,
          "attributes": {
            "acceleration_status": "",
            "acl": null,
            "arn": "arn:aws:s3:::my-unique-bucket-name-sionkim",
            "bucket": "my-unique-bucket-name-sionkim",
            "bucket_domain_name": "my-unique-bucket-name-sionkim.s3.amazonaws.com",
            "bucket_prefix": "",
            "bucket_regional_domain_name": "my-unique-bucket-name-sionkim.s3.ap-northeast-2.amazonaws.com",
            "cors_rule": [],
            "force_destroy": false,
            "grant": [
              {
                "id": "95ec31a8854d5399ae022127e1b0b8b1ffdc897795bdcb844be4a9569f304d0d",
                "permissions": [
                  "FULL_CONTROL"
                ],
                "type": "CanonicalUser",
                "uri": ""
              }
            ],
            "hosted_zone_id": "Z3W03O7B5YMIYP",
            "id": "my-unique-bucket-name-sionkim",
            "lifecycle_rule": [],
            "logging": [],
            "object_lock_configuration": [],
            "object_lock_enabled": false,
            "policy": "",
            "region": "ap-northeast-2",
            "replication_configuration": [],
            "request_payer": "BucketOwner",
            "server_side_encryption_configuration": [
              {
                "rule": [
                  {
                    "apply_server_side_encryption_by_default": [
                      {
                        "kms_master_key_id": "",
                        "sse_algorithm": "AES256"
                      }
                    ],
                    "bucket_key_enabled": false
                  }
                ]
              }
            ],
            "tags": {},
            "tags_all": {},
            "timeouts": null,
            "versioning": [
              {
                "enabled": false,
                "mfa_delete": false
              }
            ],
            "website": [],
            "website_domain": null,
            "website_endpoint": null
          },
          "sensitive_attributes": [],
          "private": "eyJlMmJmYjczMC1lY2FhLTExZTYtOGY4OC0zNDM2M2JjN2M0YzAiOnsiY3JlYXRlIjoxMjAwMDAwMDAwMDAwLCJkZWxldGUiOjM2MDAwMDAwMDAwMDAsInJlYWQiOjEyMDAwMDAwMDAwMDAsInVwZGF0ZSI6MTIwMDAwMDAwMDAwMH19"
        }
      ]
    },
    {
      "module": "module.security-group",
      "mode": "managed",
      "type": "aws_security_group",
      "name": "allow_ssh",
      "provider": "provider[\"registry.terraform.io/hashicorp/aws\"]",
      "instances": [
        {
          "schema_version": 1,
          "attributes": {
            "arn": "arn:aws:ec2:ap-northeast-2:108782082145:security-group/sg-064426b60fcabc2df",
            "description": "Allow SSH inbound traffic",
            "egress": [
              {
                "cidr_blocks": [
                  "0.0.0.0/0"
                ],
                "description": "",
                "from_port": 0,
                "ipv6_cidr_blocks": [],
                "prefix_list_ids": [],
                "protocol": "-1",
                "security_groups": [],
                "self": false,
                "to_port": 0
              }
            ],
            "id": "sg-064426b60fcabc2df",
            "ingress": [
              {
                "cidr_blocks": [
                  "0.0.0.0/0"
                ],
                "description": "",
                "from_port": 0,
                "ipv6_cidr_blocks": [],
                "prefix_list_ids": [],
                "protocol": "-1",
                "security_groups": [],
                "self": false,
                "to_port": 0
              },
              {
                "cidr_blocks": [
                  "0.0.0.0/0"
                ],
                "description": "",
                "from_port": 22,
                "ipv6_cidr_blocks": [],
                "prefix_list_ids": [],
                "protocol": "tcp",
                "security_groups": [],
                "self": false,
                "to_port": 22
              }
            ],
            "name": "allow_ssh",
            "name_prefix": "",
            "owner_id": "108782082145",
            "revoke_rules_on_delete": false,
            "tags": {
              "Name": "allow_ssh"
            },
            "tags_all": {
              "Name": "allow_ssh"
            },
            "timeouts": null,
            "vpc_id": "vpc-056636436d3b55758"
          },
          "sensitive_attributes": [],
          "private": "eyJlMmJmYjczMC1lY2FhLTExZTYtOGY4OC0zNDM2M2JjN2M0YzAiOnsiY3JlYXRlIjo2MDAwMDAwMDAwMDAsImRlbGV0ZSI6OTAwMDAwMDAwMDAwfSwic2NoZW1hX3ZlcnNpb24iOiIxIn0=",
          "dependencies": [
            "module.vpc.aws_vpc.main"
          ]
        }
      ]
    },
    {
      "module": "module.subnet",
      "mode": "managed",
      "type": "aws_route_table_association",
      "name": "public_1",
      "provider": "provider[\"registry.terraform.io/hashicorp/aws\"]",
      "instances": [
        {
          "schema_version": 0,
          "attributes": {
            "gateway_id": "",
            "id": "rtbassoc-048adbf5d22ae80f9",
            "route_table_id": "rtb-04837fb0814ebdb24",
            "subnet_id": "subnet-0ca4f664d4f9b6457",
            "timeouts": null
          },
          "sensitive_attributes": [],
          "private": "eyJlMmJmYjczMC1lY2FhLTExZTYtOGY4OC0zNDM2M2JjN2M0YzAiOnsiY3JlYXRlIjozMDAwMDAwMDAwMDAsImRlbGV0ZSI6MzAwMDAwMDAwMDAwLCJ1cGRhdGUiOjEyMDAwMDAwMDAwMH19",
          "dependencies": [
            "module.subnet.aws_subnet.public1",
            "module.vpc.aws_internet_gateway.main",
            "module.vpc.aws_route_table.main",
            "module.vpc.aws_vpc.main"
          ]
        }
      ]
    },
    {
      "module": "module.subnet",
      "mode": "managed",
      "type": "aws_route_table_association",
      "name": "public_2",
      "provider": "provider[\"registry.terraform.io/hashicorp/aws\"]",
      "instances": [
        {
          "schema_version": 0,
          "attributes": {
            "gateway_id": "",
            "id": "rtbassoc-046c8d324afe1bd47",
            "route_table_id": "rtb-04837fb0814ebdb24",
            "subnet_id": "subnet-0805e394b955fa748",
            "timeouts": null
          },
          "sensitive_attributes": [],
          "private": "eyJlMmJmYjczMC1lY2FhLTExZTYtOGY4OC0zNDM2M2JjN2M0YzAiOnsiY3JlYXRlIjozMDAwMDAwMDAwMDAsImRlbGV0ZSI6MzAwMDAwMDAwMDAwLCJ1cGRhdGUiOjEyMDAwMDAwMDAwMH19",
          "dependencies": [
            "module.subnet.aws_subnet.public2",
            "module.vpc.aws_internet_gateway.main",
            "module.vpc.aws_route_table.main",
            "module.vpc.aws_vpc.main"
          ]
        }
      ]
    },
    {
      "module": "module.subnet",
      "mode": "managed",
      "type": "aws_subnet",
      "name": "private1",
      "provider": "provider[\"registry.terraform.io/hashicorp/aws\"]",
      "instances": [
        {
          "schema_version": 1,
          "attributes": {
            "arn": "arn:aws:ec2:ap-northeast-2:108782082145:subnet/subnet-0473c3756442dedd9",
            "assign_ipv6_address_on_creation": false,
            "availability_zone": "ap-northeast-2a",
            "availability_zone_id": "apne2-az1",
            "cidr_block": "10.0.3.0/24",
            "customer_owned_ipv4_pool": "",
            "enable_dns64": false,
            "enable_lni_at_device_index": 0,
            "enable_resource_name_dns_a_record_on_launch": false,
            "enable_resource_name_dns_aaaa_record_on_launch": false,
            "id": "subnet-0473c3756442dedd9",
            "ipv6_cidr_block": "",
            "ipv6_cidr_block_association_id": "",
            "ipv6_native": false,
            "map_customer_owned_ip_on_launch": false,
            "map_public_ip_on_launch": false,
            "outpost_arn": "",
            "owner_id": "108782082145",
            "private_dns_hostname_type_on_launch": "ip-name",
            "tags": {
              "Name": "private-subnet-1"
            },
            "tags_all": {
              "Name": "private-subnet-1"
            },
            "timeouts": null,
            "vpc_id": "vpc-056636436d3b55758"
          },
          "sensitive_attributes": [],
          "private": "eyJlMmJmYjczMC1lY2FhLTExZTYtOGY4OC0zNDM2M2JjN2M0YzAiOnsiY3JlYXRlIjo2MDAwMDAwMDAwMDAsImRlbGV0ZSI6MTIwMDAwMDAwMDAwMH0sInNjaGVtYV92ZXJzaW9uIjoiMSJ9",
          "dependencies": [
            "module.vpc.aws_vpc.main"
          ]
        }
      ]
    },
    {
      "module": "module.subnet",
      "mode": "managed",
      "type": "aws_subnet",
      "name": "private2",
      "provider": "provider[\"registry.terraform.io/hashicorp/aws\"]",
      "instances": [
        {
          "schema_version": 1,
          "attributes": {
            "arn": "arn:aws:ec2:ap-northeast-2:108782082145:subnet/subnet-0448980ce7a5c64c0",
            "assign_ipv6_address_on_creation": false,
            "availability_zone": "ap-northeast-2c",
            "availability_zone_id": "apne2-az3",
            "cidr_block": "10.0.4.0/24",
            "customer_owned_ipv4_pool": "",
            "enable_dns64": false,
            "enable_lni_at_device_index": 0,
            "enable_resource_name_dns_a_record_on_launch": false,
            "enable_resource_name_dns_aaaa_record_on_launch": false,
            "id": "subnet-0448980ce7a5c64c0",
            "ipv6_cidr_block": "",
            "ipv6_cidr_block_association_id": "",
            "ipv6_native": false,
            "map_customer_owned_ip_on_launch": false,
            "map_public_ip_on_launch": false,
            "outpost_arn": "",
            "owner_id": "108782082145",
            "private_dns_hostname_type_on_launch": "ip-name",
            "tags": {
              "Name": "private-subnet-2"
            },
            "tags_all": {
              "Name": "private-subnet-2"
            },
            "timeouts": null,
            "vpc_id": "vpc-056636436d3b55758"
          },
          "sensitive_attributes": [],
          "private": "eyJlMmJmYjczMC1lY2FhLTExZTYtOGY4OC0zNDM2M2JjN2M0YzAiOnsiY3JlYXRlIjo2MDAwMDAwMDAwMDAsImRlbGV0ZSI6MTIwMDAwMDAwMDAwMH0sInNjaGVtYV92ZXJzaW9uIjoiMSJ9",
          "dependencies": [
            "module.vpc.aws_vpc.main"
          ]
        }
      ]
    },
    {
      "module": "module.subnet",
      "mode": "managed",
      "type": "aws_subnet",
      "name": "public1",
      "provider": "provider[\"registry.terraform.io/hashicorp/aws\"]",
      "instances": [
        {
          "schema_version": 1,
          "attributes": {
            "arn": "arn:aws:ec2:ap-northeast-2:108782082145:subnet/subnet-0ca4f664d4f9b6457",
            "assign_ipv6_address_on_creation": false,
            "availability_zone": "ap-northeast-2a",
            "availability_zone_id": "apne2-az1",
            "cidr_block": "10.0.1.0/24",
            "customer_owned_ipv4_pool": "",
            "enable_dns64": false,
            "enable_lni_at_device_index": 0,
            "enable_resource_name_dns_a_record_on_launch": false,
            "enable_resource_name_dns_aaaa_record_on_launch": false,
            "id": "subnet-0ca4f664d4f9b6457",
            "ipv6_cidr_block": "",
            "ipv6_cidr_block_association_id": "",
            "ipv6_native": false,
            "map_customer_owned_ip_on_launch": false,
            "map_public_ip_on_launch": true,
            "outpost_arn": "",
            "owner_id": "108782082145",
            "private_dns_hostname_type_on_launch": "ip-name",
            "tags": {
              "Name": "public-subnet-1"
            },
            "tags_all": {
              "Name": "public-subnet-1"
            },
            "timeouts": null,
            "vpc_id": "vpc-056636436d3b55758"
          },
          "sensitive_attributes": [],
          "private": "eyJlMmJmYjczMC1lY2FhLTExZTYtOGY4OC0zNDM2M2JjN2M0YzAiOnsiY3JlYXRlIjo2MDAwMDAwMDAwMDAsImRlbGV0ZSI6MTIwMDAwMDAwMDAwMH0sInNjaGVtYV92ZXJzaW9uIjoiMSJ9",
          "dependencies": [
            "module.vpc.aws_vpc.main"
          ]
        }
      ]
    },
    {
      "module": "module.subnet",
      "mode": "managed",
      "type": "aws_subnet",
      "name": "public2",
      "provider": "provider[\"registry.terraform.io/hashicorp/aws\"]",
      "instances": [
        {
          "schema_version": 1,
          "attributes": {
            "arn": "arn:aws:ec2:ap-northeast-2:108782082145:subnet/subnet-0805e394b955fa748",
            "assign_ipv6_address_on_creation": false,
            "availability_zone": "ap-northeast-2c",
            "availability_zone_id": "apne2-az3",
            "cidr_block": "10.0.2.0/24",
            "customer_owned_ipv4_pool": "",
            "enable_dns64": false,
            "enable_lni_at_device_index": 0,
            "enable_resource_name_dns_a_record_on_launch": false,
            "enable_resource_name_dns_aaaa_record_on_launch": false,
            "id": "subnet-0805e394b955fa748",
            "ipv6_cidr_block": "",
            "ipv6_cidr_block_association_id": "",
            "ipv6_native": false,
            "map_customer_owned_ip_on_launch": false,
            "map_public_ip_on_launch": true,
            "outpost_arn": "",
            "owner_id": "108782082145",
            "private_dns_hostname_type_on_launch": "ip-name",
            "tags": {
              "Name": "public-subnet-2"
            },
            "tags_all": {
              "Name": "public-subnet-2"
            },
            "timeouts": null,
            "vpc_id": "vpc-056636436d3b55758"
          },
          "sensitive_attributes": [],
          "private": "eyJlMmJmYjczMC1lY2FhLTExZTYtOGY4OC0zNDM2M2JjN2M0YzAiOnsiY3JlYXRlIjo2MDAwMDAwMDAwMDAsImRlbGV0ZSI6MTIwMDAwMDAwMDAwMH0sInNjaGVtYV92ZXJzaW9uIjoiMSJ9",
          "dependencies": [
            "module.vpc.aws_vpc.main"
          ]
        }
      ]
    },
    {
      "module": "module.vpc",
      "mode": "managed",
      "type": "aws_internet_gateway",
      "name": "main",
      "provider": "provider[\"registry.terraform.io/hashicorp/aws\"]",
      "instances": [
        {
          "schema_version": 0,
          "attributes": {
            "arn": "arn:aws:ec2:ap-northeast-2:108782082145:internet-gateway/igw-0b8c541ef08ef4a41",
            "id": "igw-0b8c541ef08ef4a41",
            "owner_id": "108782082145",
            "tags": {
              "Name": "my-igw"
            },
            "tags_all": {
              "Name": "my-igw"
            },
            "timeouts": null,
            "vpc_id": "vpc-056636436d3b55758"
          },
          "sensitive_attributes": [],
          "private": "eyJlMmJmYjczMC1lY2FhLTExZTYtOGY4OC0zNDM2M2JjN2M0YzAiOnsiY3JlYXRlIjoxMjAwMDAwMDAwMDAwLCJkZWxldGUiOjEyMDAwMDAwMDAwMDAsInVwZGF0ZSI6MTIwMDAwMDAwMDAwMH19",
          "dependencies": [
            "module.vpc.aws_vpc.main"
          ]
        }
      ]
    },
    {
      "module": "module.vpc",
      "mode": "managed",
      "type": "aws_route",
      "name": "nat",
      "provider": "provider[\"registry.terraform.io/hashicorp/aws\"]",
      "instances": [
        {
          "schema_version": 0,
          "attributes": {
            "carrier_gateway_id": "",
            "core_network_arn": "",
            "destination_cidr_block": "0.0.0.0/0",
            "destination_ipv6_cidr_block": "",
            "destination_prefix_list_id": "",
            "egress_only_gateway_id": "",
            "gateway_id": "",
            "id": "r-rtb-022d12a71ba6823ec1080289494",
            "instance_id": "i-05072515b03560b99",
            "instance_owner_id": "108782082145",
            "local_gateway_id": "",
            "nat_gateway_id": "",
            "network_interface_id": "eni-0351dc361e6d7db8f",
            "origin": "CreateRoute",
            "route_table_id": "rtb-022d12a71ba6823ec",
            "state": "active",
            "timeouts": null,
            "transit_gateway_id": "",
            "vpc_endpoint_id": "",
            "vpc_peering_connection_id": ""
          },
          "sensitive_attributes": [],
          "private": "eyJlMmJmYjczMC1lY2FhLTExZTYtOGY4OC0zNDM2M2JjN2M0YzAiOnsiY3JlYXRlIjozMDAwMDAwMDAwMDAsImRlbGV0ZSI6MzAwMDAwMDAwMDAwLCJ1cGRhdGUiOjEyMDAwMDAwMDAwMH19",
          "dependencies": [
            "module.ec2.aws_instance.nat_instance",
            "module.key_pair.aws_key_pair.my_key",
            "module.key_pair.tls_private_key.example",
            "module.security-group.aws_security_group.allow_ssh",
            "module.subnet.aws_subnet.public1",
            "module.subnet.aws_subnet.public2",
            "module.vpc.aws_route_table.main1",
            "module.vpc.aws_vpc.main"
          ]
        }
      ]
    },
    {
      "module": "module.vpc",
      "mode": "managed",
      "type": "aws_route_table",
      "name": "main",
      "provider": "provider[\"registry.terraform.io/hashicorp/aws\"]",
      "instances": [
        {
          "schema_version": 0,
          "attributes": {
            "arn": "arn:aws:ec2:ap-northeast-2:108782082145:route-table/rtb-04837fb0814ebdb24",
            "id": "rtb-04837fb0814ebdb24",
            "owner_id": "108782082145",
            "propagating_vgws": [],
            "route": [
              {
                "carrier_gateway_id": "",
                "cidr_block": "0.0.0.0/0",
                "core_network_arn": "",
                "destination_prefix_list_id": "",
                "egress_only_gateway_id": "",
                "gateway_id": "igw-0b8c541ef08ef4a41",
                "ipv6_cidr_block": "",
                "local_gateway_id": "",
                "nat_gateway_id": "",
                "network_interface_id": "",
                "transit_gateway_id": "",
                "vpc_endpoint_id": "",
                "vpc_peering_connection_id": ""
              }
            ],
            "tags": {
              "Name": "my-route-table"
            },
            "tags_all": {
              "Name": "my-route-table"
            },
            "timeouts": null,
            "vpc_id": "vpc-056636436d3b55758"
          },
          "sensitive_attributes": [],
          "private": "eyJlMmJmYjczMC1lY2FhLTExZTYtOGY4OC0zNDM2M2JjN2M0YzAiOnsiY3JlYXRlIjozMDAwMDAwMDAwMDAsImRlbGV0ZSI6MzAwMDAwMDAwMDAwLCJ1cGRhdGUiOjEyMDAwMDAwMDAwMH19",
          "dependencies": [
            "module.vpc.aws_internet_gateway.main",
            "module.vpc.aws_vpc.main"
          ]
        }
      ]
    },
    {
      "module": "module.vpc",
      "mode": "managed",
      "type": "aws_route_table",
      "name": "main1",
      "provider": "provider[\"registry.terraform.io/hashicorp/aws\"]",
      "instances": [
        {
          "schema_version": 0,
          "attributes": {
            "arn": "arn:aws:ec2:ap-northeast-2:108782082145:route-table/rtb-022d12a71ba6823ec",
            "id": "rtb-022d12a71ba6823ec",
            "owner_id": "108782082145",
            "propagating_vgws": [],
            "route": [
              {
                "carrier_gateway_id": "",
                "cidr_block": "0.0.0.0/0",
                "core_network_arn": "",
                "destination_prefix_list_id": "",
                "egress_only_gateway_id": "",
                "gateway_id": "",
                "ipv6_cidr_block": "",
                "local_gateway_id": "",
                "nat_gateway_id": "",
                "network_interface_id": "eni-0351dc361e6d7db8f",
                "transit_gateway_id": "",
                "vpc_endpoint_id": "",
                "vpc_peering_connection_id": ""
              }
            ],
            "tags": {
              "Name": "my-route-table-nat"
            },
            "tags_all": {
              "Name": "my-route-table-nat"
            },
            "timeouts": null,
            "vpc_id": "vpc-056636436d3b55758"
          },
          "sensitive_attributes": [],
          "private": "eyJlMmJmYjczMC1lY2FhLTExZTYtOGY4OC0zNDM2M2JjN2M0YzAiOnsiY3JlYXRlIjozMDAwMDAwMDAwMDAsImRlbGV0ZSI6MzAwMDAwMDAwMDAwLCJ1cGRhdGUiOjEyMDAwMDAwMDAwMH19",
          "dependencies": [
            "module.vpc.aws_vpc.main"
          ]
        }
      ]
    },
    {
      "module": "module.vpc",
      "mode": "managed",
      "type": "aws_vpc",
      "name": "main",
      "provider": "provider[\"registry.terraform.io/hashicorp/aws\"]",
      "instances": [
        {
          "schema_version": 1,
          "attributes": {
            "arn": "arn:aws:ec2:ap-northeast-2:108782082145:vpc/vpc-056636436d3b55758",
            "assign_generated_ipv6_cidr_block": false,
            "cidr_block": "10.0.0.0/16",
            "default_network_acl_id": "acl-0ac4c3aae03c7d1b3",
            "default_route_table_id": "rtb-0e80f016d21917a3f",
            "default_security_group_id": "sg-060691102d99d0e47",
            "dhcp_options_id": "dopt-0570a05bfbee7451a",
            "enable_dns_hostnames": false,
            "enable_dns_support": true,
            "enable_network_address_usage_metrics": false,
            "id": "vpc-056636436d3b55758",
            "instance_tenancy": "default",
            "ipv4_ipam_pool_id": null,
            "ipv4_netmask_length": null,
            "ipv6_association_id": "",
            "ipv6_cidr_block": "",
            "ipv6_cidr_block_network_border_group": "",
            "ipv6_ipam_pool_id": "",
            "ipv6_netmask_length": 0,
            "main_route_table_id": "rtb-0e80f016d21917a3f",
            "owner_id": "108782082145",
            "tags": {
              "Name": "my-vpc"
            },
            "tags_all": {
              "Name": "my-vpc"
            }
          },
          "sensitive_attributes": [],
          "private": "eyJzY2hlbWFfdmVyc2lvbiI6IjEifQ=="
        }
      ]
    }
  ],
  "check_results": null
}
