{
  "version": 4,
  "terraform_version": "1.9.4",
  "serial": 553,
  "lineage": "ef7229b9-195d-3a90-2670-656d79ec7e78",
  "outputs": {},
  "resources": [
    {
      "module": "module.alb",
      "mode": "managed",
      "type": "aws_lb",
      "name": "this",
      "provider": "provider[\"registry.terraform.io/hashicorp/aws\"]",
      "instances": [
        {
          "schema_version": 0,
          "attributes": {
            "access_logs": [
              {
                "bucket": "",
                "enabled": false,
                "prefix": ""
              }
            ],
            "arn": "arn:aws:elasticloadbalancing:ap-northeast-2:108782082145:loadbalancer/app/my-alb/65981cfc35dbea89",
            "arn_suffix": "app/my-alb/65981cfc35dbea89",
            "client_keep_alive": 3600,
            "connection_logs": [
              {
                "bucket": "",
                "enabled": false,
                "prefix": ""
              }
            ],
            "customer_owned_ipv4_pool": "",
            "desync_mitigation_mode": "defensive",
            "dns_name": "my-alb-277012532.ap-northeast-2.elb.amazonaws.com",
            "dns_record_client_routing_policy": null,
            "drop_invalid_header_fields": false,
            "enable_cross_zone_load_balancing": true,
            "enable_deletion_protection": false,
            "enable_http2": true,
            "enable_tls_version_and_cipher_suite_headers": false,
            "enable_waf_fail_open": false,
            "enable_xff_client_port": false,
            "enforce_security_group_inbound_rules_on_private_link_traffic": "",
            "id": "arn:aws:elasticloadbalancing:ap-northeast-2:108782082145:loadbalancer/app/my-alb/65981cfc35dbea89",
            "idle_timeout": 60,
            "internal": false,
            "ip_address_type": "ipv4",
            "load_balancer_type": "application",
            "name": "my-alb",
            "name_prefix": "",
            "preserve_host_header": false,
            "security_groups": [
              "sg-07efd9c37403dac16"
            ],
            "subnet_mapping": [
              {
                "allocation_id": "",
                "ipv6_address": "",
                "outpost_id": "",
                "private_ipv4_address": "",
                "subnet_id": "subnet-0df2d8508e77e288c"
              },
              {
                "allocation_id": "",
                "ipv6_address": "",
                "outpost_id": "",
                "private_ipv4_address": "",
                "subnet_id": "subnet-0e8d05e0a49828c24"
              }
            ],
            "subnets": [
              "subnet-0df2d8508e77e288c",
              "subnet-0e8d05e0a49828c24"
            ],
            "tags": {},
            "tags_all": {},
            "timeouts": null,
            "vpc_id": "vpc-0cfd4c54e482780de",
            "xff_header_processing_mode": "append",
            "zone_id": "ZWKZPGTI48KDX"
          },
          "sensitive_attributes": [],
          "private": "eyJlMmJmYjczMC1lY2FhLTExZTYtOGY4OC0zNDM2M2JjN2M0YzAiOnsiY3JlYXRlIjo2MDAwMDAwMDAwMDAsImRlbGV0ZSI6NjAwMDAwMDAwMDAwLCJ1cGRhdGUiOjYwMDAwMDAwMDAwMH19",
          "dependencies": [
            "module.security-group.aws_security_group.allow_ssh",
            "module.subnet.aws_subnet.public1",
            "module.subnet.aws_subnet.public2",
            "module.vpc.aws_vpc.main"
          ]
        }
      ]
    },
    {
      "module": "module.alb",
      "mode": "managed",
      "type": "aws_lb_listener",
      "name": "this",
      "provider": "provider[\"registry.terraform.io/hashicorp/aws\"]",
      "instances": [
        {
          "schema_version": 0,
          "attributes": {
            "alpn_policy": null,
            "arn": "arn:aws:elasticloadbalancing:ap-northeast-2:108782082145:listener/app/my-alb/65981cfc35dbea89/d7c499a8807da40f",
            "certificate_arn": null,
            "default_action": [
              {
                "authenticate_cognito": [],
                "authenticate_oidc": [],
                "fixed_response": [],
                "forward": [],
                "order": 1,
                "redirect": [],
                "target_group_arn": "arn:aws:elasticloadbalancing:ap-northeast-2:108782082145:targetgroup/my-target-group/dcd417a236b3b3cc",
                "type": "forward"
              }
            ],
            "id": "arn:aws:elasticloadbalancing:ap-northeast-2:108782082145:listener/app/my-alb/65981cfc35dbea89/d7c499a8807da40f",
            "load_balancer_arn": "arn:aws:elasticloadbalancing:ap-northeast-2:108782082145:loadbalancer/app/my-alb/65981cfc35dbea89",
            "mutual_authentication": [],
            "port": 8080,
            "protocol": "HTTP",
            "ssl_policy": "",
            "tags": {},
            "tags_all": {},
            "timeouts": null
          },
          "sensitive_attributes": [],
          "private": "eyJlMmJmYjczMC1lY2FhLTExZTYtOGY4OC0zNDM2M2JjN2M0YzAiOnsiY3JlYXRlIjozMDAwMDAwMDAwMDAsInVwZGF0ZSI6MzAwMDAwMDAwMDAwfX0=",
          "dependencies": [
            "module.alb.aws_lb.this",
            "module.alb.aws_lb_target_group.this",
            "module.security-group.aws_security_group.allow_ssh",
            "module.subnet.aws_subnet.public1",
            "module.subnet.aws_subnet.public2",
            "module.vpc.aws_vpc.main"
          ]
        }
      ]
    },
    {
      "module": "module.alb",
      "mode": "managed",
      "type": "aws_lb_target_group",
      "name": "this",
      "provider": "provider[\"registry.terraform.io/hashicorp/aws\"]",
      "instances": [
        {
          "schema_version": 0,
          "attributes": {
            "arn": "arn:aws:elasticloadbalancing:ap-northeast-2:108782082145:targetgroup/my-target-group/dcd417a236b3b3cc",
            "arn_suffix": "targetgroup/my-target-group/dcd417a236b3b3cc",
            "connection_termination": null,
            "deregistration_delay": "300",
            "health_check": [
              {
                "enabled": true,
                "healthy_threshold": 2,
                "interval": 30,
                "matcher": "200",
                "path": "/",
                "port": "traffic-port",
                "protocol": "HTTP",
                "timeout": 5,
                "unhealthy_threshold": 2
              }
            ],
            "id": "arn:aws:elasticloadbalancing:ap-northeast-2:108782082145:targetgroup/my-target-group/dcd417a236b3b3cc",
            "ip_address_type": "ipv4",
            "lambda_multi_value_headers_enabled": false,
            "load_balancer_arns": [
              "arn:aws:elasticloadbalancing:ap-northeast-2:108782082145:loadbalancer/app/my-alb/65981cfc35dbea89"
            ],
            "load_balancing_algorithm_type": "round_robin",
            "load_balancing_anomaly_mitigation": "off",
            "load_balancing_cross_zone_enabled": "use_load_balancer_configuration",
            "name": "my-target-group",
            "name_prefix": "",
            "port": 8080,
            "preserve_client_ip": null,
            "protocol": "HTTP",
            "protocol_version": "HTTP1",
            "proxy_protocol_v2": false,
            "slow_start": 0,
            "stickiness": [
              {
                "cookie_duration": 86400,
                "cookie_name": "",
                "enabled": false,
                "type": "lb_cookie"
              }
            ],
            "tags": {},
            "tags_all": {},
            "target_failover": [
              {
                "on_deregistration": null,
                "on_unhealthy": null
              }
            ],
            "target_group_health": [
              {
                "dns_failover": [
                  {
                    "minimum_healthy_targets_count": "1",
                    "minimum_healthy_targets_percentage": "off"
                  }
                ],
                "unhealthy_state_routing": [
                  {
                    "minimum_healthy_targets_count": 1,
                    "minimum_healthy_targets_percentage": "off"
                  }
                ]
              }
            ],
            "target_health_state": [
              {
                "enable_unhealthy_connection_termination": null,
                "unhealthy_draining_interval": null
              }
            ],
            "target_type": "instance",
            "vpc_id": "vpc-0cfd4c54e482780de"
          },
          "sensitive_attributes": [],
          "private": "bnVsbA==",
          "dependencies": [
            "module.vpc.aws_vpc.main"
          ]
        }
      ]
    },
    {
      "module": "module.alb",
      "mode": "managed",
      "type": "aws_lb_target_group_attachment",
      "name": "web1",
      "provider": "provider[\"registry.terraform.io/hashicorp/aws\"]",
      "instances": [
        {
          "schema_version": 0,
          "attributes": {
            "availability_zone": null,
            "id": "arn:aws:elasticloadbalancing:ap-northeast-2:108782082145:targetgroup/my-target-group/dcd417a236b3b3cc-20241030041605006300000007",
            "port": 8080,
            "target_group_arn": "arn:aws:elasticloadbalancing:ap-northeast-2:108782082145:targetgroup/my-target-group/dcd417a236b3b3cc",
            "target_id": "i-03105a5d15dd48351"
          },
          "sensitive_attributes": [],
          "private": "bnVsbA==",
          "dependencies": [
            "module.alb.aws_lb_target_group.this",
            "module.ec2.aws_instance.web1",
            "module.ec2.aws_instance.web2",
            "module.key_pair.aws_key_pair.my_key",
            "module.key_pair.tls_private_key.example",
            "module.security-group.aws_security_group.allow_ssh",
            "module.subnet.aws_subnet.private1",
            "module.subnet.aws_subnet.private2",
            "module.vpc.aws_vpc.main"
          ]
        }
      ]
    },
    {
      "module": "module.alb",
      "mode": "managed",
      "type": "aws_lb_target_group_attachment",
      "name": "web2",
      "provider": "provider[\"registry.terraform.io/hashicorp/aws\"]",
      "instances": [
        {
          "schema_version": 0,
          "attributes": {
            "availability_zone": null,
            "id": "arn:aws:elasticloadbalancing:ap-northeast-2:108782082145:targetgroup/my-target-group/dcd417a236b3b3cc-20241030041605028500000008",
            "port": 8080,
            "target_group_arn": "arn:aws:elasticloadbalancing:ap-northeast-2:108782082145:targetgroup/my-target-group/dcd417a236b3b3cc",
            "target_id": "i-0838dd4a92894b7b7"
          },
          "sensitive_attributes": [],
          "private": "bnVsbA==",
          "dependencies": [
            "module.alb.aws_lb_target_group.this",
            "module.ec2.aws_instance.web1",
            "module.ec2.aws_instance.web2",
            "module.key_pair.aws_key_pair.my_key",
            "module.key_pair.tls_private_key.example",
            "module.security-group.aws_security_group.allow_ssh",
            "module.subnet.aws_subnet.private1",
            "module.subnet.aws_subnet.private2",
            "module.vpc.aws_vpc.main"
          ]
        }
      ]
    },
    {
      "module": "module.ec2",
      "mode": "managed",
      "type": "aws_instance",
      "name": "bastion_host",
      "provider": "provider[\"registry.terraform.io/hashicorp/aws\"]",
      "instances": [
        {
          "schema_version": 1,
          "attributes": {
            "ami": "ami-040c33c6a51fd5d96",
            "arn": "arn:aws:ec2:ap-northeast-2:108782082145:instance/i-01bbd56c5c7ee1e93",
            "associate_public_ip_address": true,
            "availability_zone": "ap-northeast-2a",
            "capacity_reservation_specification": [
              {
                "capacity_reservation_preference": "open",
                "capacity_reservation_target": []
              }
            ],
            "cpu_core_count": 1,
            "cpu_options": [
              {
                "amd_sev_snp": "",
                "core_count": 1,
                "threads_per_core": 1
              }
            ],
            "cpu_threads_per_core": 1,
            "credit_specification": [
              {
                "cpu_credits": "standard"
              }
            ],
            "disable_api_stop": false,
            "disable_api_termination": false,
            "ebs_block_device": [],
            "ebs_optimized": false,
            "enclave_options": [
              {
                "enabled": false
              }
            ],
            "ephemeral_block_device": [],
            "get_password_data": false,
            "hibernation": false,
            "host_id": "",
            "host_resource_group_arn": null,
            "iam_instance_profile": "",
            "id": "i-01bbd56c5c7ee1e93",
            "instance_initiated_shutdown_behavior": "stop",
            "instance_lifecycle": "",
            "instance_market_options": [],
            "instance_state": "running",
            "instance_type": "t2.micro",
            "ipv6_address_count": 0,
            "ipv6_addresses": [],
            "key_name": "my_key",
            "launch_template": [],
            "maintenance_options": [
              {
                "auto_recovery": "default"
              }
            ],
            "metadata_options": [
              {
                "http_endpoint": "enabled",
                "http_protocol_ipv6": "disabled",
                "http_put_response_hop_limit": 2,
                "http_tokens": "required",
                "instance_metadata_tags": "disabled"
              }
            ],
            "monitoring": false,
            "network_interface": [],
            "outpost_arn": "",
            "password_data": "",
            "placement_group": "",
            "placement_partition_number": 0,
            "primary_network_interface_id": "eni-0131d5006a6a7841b",
            "private_dns": "ip-10-0-1-113.ap-northeast-2.compute.internal",
            "private_dns_name_options": [
              {
                "enable_resource_name_dns_a_record": false,
                "enable_resource_name_dns_aaaa_record": false,
                "hostname_type": "ip-name"
              }
            ],
            "private_ip": "10.0.1.113",
            "public_dns": "",
            "public_ip": "43.201.110.97",
            "root_block_device": [
              {
                "delete_on_termination": true,
                "device_name": "/dev/sda1",
                "encrypted": false,
                "iops": 3000,
                "kms_key_id": "",
                "tags": {},
                "tags_all": {},
                "throughput": 125,
                "volume_id": "vol-02976bfa092660aee",
                "volume_size": 8,
                "volume_type": "gp3"
              }
            ],
            "secondary_private_ips": [],
            "security_groups": [],
            "source_dest_check": true,
            "spot_instance_request_id": "",
            "subnet_id": "subnet-0df2d8508e77e288c",
            "tags": {
              "Name": "bastion_host"
            },
            "tags_all": {
              "Name": "bastion_host"
            },
            "tenancy": "default",
            "timeouts": null,
            "user_data": null,
            "user_data_base64": null,
            "user_data_replace_on_change": false,
            "volume_tags": null,
            "vpc_security_group_ids": [
              "sg-07efd9c37403dac16"
            ]
          },
          "sensitive_attributes": [],
          "private": "eyJlMmJmYjczMC1lY2FhLTExZTYtOGY4OC0zNDM2M2JjN2M0YzAiOnsiY3JlYXRlIjo2MDAwMDAwMDAwMDAsImRlbGV0ZSI6MTIwMDAwMDAwMDAwMCwicmVhZCI6OTAwMDAwMDAwMDAwLCJ1cGRhdGUiOjYwMDAwMDAwMDAwMH0sInNjaGVtYV92ZXJzaW9uIjoiMSJ9",
          "dependencies": [
            "module.key_pair.aws_key_pair.my_key",
            "module.key_pair.tls_private_key.example",
            "module.security-group.aws_security_group.allow_ssh",
            "module.subnet.aws_subnet.public1",
            "module.subnet.aws_subnet.public2",
            "module.vpc.aws_vpc.main"
          ]
        }
      ]
    },
    {
      "module": "module.ec2",
      "mode": "managed",
      "type": "aws_instance",
      "name": "nat_instance",
      "provider": "provider[\"registry.terraform.io/hashicorp/aws\"]",
      "instances": [
        {
          "schema_version": 1,
          "attributes": {
            "ami": "ami-0c2d3e23e757b5d84",
            "arn": "arn:aws:ec2:ap-northeast-2:108782082145:instance/i-0966eb79391c7c126",
            "associate_public_ip_address": true,
            "availability_zone": "ap-northeast-2c",
            "capacity_reservation_specification": [
              {
                "capacity_reservation_preference": "open",
                "capacity_reservation_target": []
              }
            ],
            "cpu_core_count": 1,
            "cpu_options": [
              {
                "amd_sev_snp": "",
                "core_count": 1,
                "threads_per_core": 1
              }
            ],
            "cpu_threads_per_core": 1,
            "credit_specification": [
              {
                "cpu_credits": "standard"
              }
            ],
            "disable_api_stop": false,
            "disable_api_termination": false,
            "ebs_block_device": [],
            "ebs_optimized": false,
            "enclave_options": [
              {
                "enabled": false
              }
            ],
            "ephemeral_block_device": [],
            "get_password_data": false,
            "hibernation": false,
            "host_id": "",
            "host_resource_group_arn": null,
            "iam_instance_profile": "",
            "id": "i-0966eb79391c7c126",
            "instance_initiated_shutdown_behavior": "stop",
            "instance_lifecycle": "",
            "instance_market_options": [],
            "instance_state": "running",
            "instance_type": "t2.micro",
            "ipv6_address_count": 0,
            "ipv6_addresses": [],
            "key_name": "my_key",
            "launch_template": [],
            "maintenance_options": [
              {
                "auto_recovery": "default"
              }
            ],
            "metadata_options": [
              {
                "http_endpoint": "enabled",
                "http_protocol_ipv6": "disabled",
                "http_put_response_hop_limit": 1,
                "http_tokens": "optional",
                "instance_metadata_tags": "disabled"
              }
            ],
            "monitoring": false,
            "network_interface": [],
            "outpost_arn": "",
            "password_data": "",
            "placement_group": "",
            "placement_partition_number": 0,
            "primary_network_interface_id": "eni-0d9592b61c6b190a6",
            "private_dns": "ip-10-0-2-123.ap-northeast-2.compute.internal",
            "private_dns_name_options": [
              {
                "enable_resource_name_dns_a_record": false,
                "enable_resource_name_dns_aaaa_record": false,
                "hostname_type": "ip-name"
              }
            ],
            "private_ip": "10.0.2.123",
            "public_dns": "",
            "public_ip": "43.201.38.149",
            "root_block_device": [
              {
                "delete_on_termination": true,
                "device_name": "/dev/xvda",
                "encrypted": false,
                "iops": 0,
                "kms_key_id": "",
                "tags": {},
                "tags_all": {},
                "throughput": 0,
                "volume_id": "vol-07b099bcc8efaf16c",
                "volume_size": 8,
                "volume_type": "standard"
              }
            ],
            "secondary_private_ips": [],
            "security_groups": [],
            "source_dest_check": false,
            "spot_instance_request_id": "",
            "subnet_id": "subnet-0e8d05e0a49828c24",
            "tags": {
              "Name": "nat_instance"
            },
            "tags_all": {
              "Name": "nat_instance"
            },
            "tenancy": "default",
            "timeouts": null,
            "user_data": null,
            "user_data_base64": null,
            "user_data_replace_on_change": false,
            "volume_tags": null,
            "vpc_security_group_ids": [
              "sg-07efd9c37403dac16"
            ]
          },
          "sensitive_attributes": [],
          "private": "eyJlMmJmYjczMC1lY2FhLTExZTYtOGY4OC0zNDM2M2JjN2M0YzAiOnsiY3JlYXRlIjo2MDAwMDAwMDAwMDAsImRlbGV0ZSI6MTIwMDAwMDAwMDAwMCwicmVhZCI6OTAwMDAwMDAwMDAwLCJ1cGRhdGUiOjYwMDAwMDAwMDAwMH0sInNjaGVtYV92ZXJzaW9uIjoiMSJ9",
          "dependencies": [
            "module.key_pair.aws_key_pair.my_key",
            "module.key_pair.tls_private_key.example",
            "module.security-group.aws_security_group.allow_ssh",
            "module.subnet.aws_subnet.public1",
            "module.subnet.aws_subnet.public2",
            "module.vpc.aws_vpc.main"
          ]
        }
      ]
    },
    {
      "module": "module.ec2",
      "mode": "managed",
      "type": "aws_instance",
      "name": "web1",
      "provider": "provider[\"registry.terraform.io/hashicorp/aws\"]",
      "instances": [
        {
          "schema_version": 1,
          "attributes": {
            "ami": "ami-040c33c6a51fd5d96",
            "arn": "arn:aws:ec2:ap-northeast-2:108782082145:instance/i-03105a5d15dd48351",
            "associate_public_ip_address": false,
            "availability_zone": "ap-northeast-2a",
            "capacity_reservation_specification": [
              {
                "capacity_reservation_preference": "open",
                "capacity_reservation_target": []
              }
            ],
            "cpu_core_count": 1,
            "cpu_options": [
              {
                "amd_sev_snp": "",
                "core_count": 1,
                "threads_per_core": 1
              }
            ],
            "cpu_threads_per_core": 1,
            "credit_specification": [
              {
                "cpu_credits": "standard"
              }
            ],
            "disable_api_stop": false,
            "disable_api_termination": false,
            "ebs_block_device": [],
            "ebs_optimized": false,
            "enclave_options": [
              {
                "enabled": false
              }
            ],
            "ephemeral_block_device": [],
            "get_password_data": false,
            "hibernation": false,
            "host_id": "",
            "host_resource_group_arn": null,
            "iam_instance_profile": "",
            "id": "i-03105a5d15dd48351",
            "instance_initiated_shutdown_behavior": "stop",
            "instance_lifecycle": "",
            "instance_market_options": [],
            "instance_state": "running",
            "instance_type": "t2.micro",
            "ipv6_address_count": 0,
            "ipv6_addresses": [],
            "key_name": "my_key",
            "launch_template": [],
            "maintenance_options": [
              {
                "auto_recovery": "default"
              }
            ],
            "metadata_options": [
              {
                "http_endpoint": "enabled",
                "http_protocol_ipv6": "disabled",
                "http_put_response_hop_limit": 2,
                "http_tokens": "required",
                "instance_metadata_tags": "disabled"
              }
            ],
            "monitoring": false,
            "network_interface": [],
            "outpost_arn": "",
            "password_data": "",
            "placement_group": "",
            "placement_partition_number": 0,
            "primary_network_interface_id": "eni-0cbe19cd7b305042b",
            "private_dns": "ip-10-0-3-93.ap-northeast-2.compute.internal",
            "private_dns_name_options": [
              {
                "enable_resource_name_dns_a_record": false,
                "enable_resource_name_dns_aaaa_record": false,
                "hostname_type": "ip-name"
              }
            ],
            "private_ip": "10.0.3.93",
            "public_dns": "",
            "public_ip": "",
            "root_block_device": [
              {
                "delete_on_termination": true,
                "device_name": "/dev/sda1",
                "encrypted": false,
                "iops": 3000,
                "kms_key_id": "",
                "tags": {},
                "tags_all": {},
                "throughput": 125,
                "volume_id": "vol-046cab0eb462dc53e",
                "volume_size": 8,
                "volume_type": "gp3"
              }
            ],
            "secondary_private_ips": [],
            "security_groups": [],
            "source_dest_check": true,
            "spot_instance_request_id": "",
            "subnet_id": "subnet-08e6326ee12de5c23",
            "tags": {
              "Name": "web1"
            },
            "tags_all": {
              "Name": "web1"
            },
            "tenancy": "default",
            "timeouts": null,
            "user_data": null,
            "user_data_base64": null,
            "user_data_replace_on_change": false,
            "volume_tags": null,
            "vpc_security_group_ids": [
              "sg-07efd9c37403dac16"
            ]
          },
          "sensitive_attributes": [],
          "private": "eyJlMmJmYjczMC1lY2FhLTExZTYtOGY4OC0zNDM2M2JjN2M0YzAiOnsiY3JlYXRlIjo2MDAwMDAwMDAwMDAsImRlbGV0ZSI6MTIwMDAwMDAwMDAwMCwicmVhZCI6OTAwMDAwMDAwMDAwLCJ1cGRhdGUiOjYwMDAwMDAwMDAwMH0sInNjaGVtYV92ZXJzaW9uIjoiMSJ9",
          "dependencies": [
            "module.key_pair.aws_key_pair.my_key",
            "module.key_pair.tls_private_key.example",
            "module.security-group.aws_security_group.allow_ssh",
            "module.subnet.aws_subnet.private1",
            "module.subnet.aws_subnet.private2",
            "module.vpc.aws_vpc.main"
          ]
        }
      ]
    },
    {
      "module": "module.ec2",
      "mode": "managed",
      "type": "aws_instance",
      "name": "web2",
      "provider": "provider[\"registry.terraform.io/hashicorp/aws\"]",
      "instances": [
        {
          "schema_version": 1,
          "attributes": {
            "ami": "ami-040c33c6a51fd5d96",
            "arn": "arn:aws:ec2:ap-northeast-2:108782082145:instance/i-0838dd4a92894b7b7",
            "associate_public_ip_address": false,
            "availability_zone": "ap-northeast-2c",
            "capacity_reservation_specification": [
              {
                "capacity_reservation_preference": "open",
                "capacity_reservation_target": []
              }
            ],
            "cpu_core_count": 1,
            "cpu_options": [
              {
                "amd_sev_snp": "",
                "core_count": 1,
                "threads_per_core": 1
              }
            ],
            "cpu_threads_per_core": 1,
            "credit_specification": [
              {
                "cpu_credits": "standard"
              }
            ],
            "disable_api_stop": false,
            "disable_api_termination": false,
            "ebs_block_device": [],
            "ebs_optimized": false,
            "enclave_options": [
              {
                "enabled": false
              }
            ],
            "ephemeral_block_device": [],
            "get_password_data": false,
            "hibernation": false,
            "host_id": "",
            "host_resource_group_arn": null,
            "iam_instance_profile": "",
            "id": "i-0838dd4a92894b7b7",
            "instance_initiated_shutdown_behavior": "stop",
            "instance_lifecycle": "",
            "instance_market_options": [],
            "instance_state": "running",
            "instance_type": "t2.micro",
            "ipv6_address_count": 0,
            "ipv6_addresses": [],
            "key_name": "my_key",
            "launch_template": [],
            "maintenance_options": [
              {
                "auto_recovery": "default"
              }
            ],
            "metadata_options": [
              {
                "http_endpoint": "enabled",
                "http_protocol_ipv6": "disabled",
                "http_put_response_hop_limit": 2,
                "http_tokens": "required",
                "instance_metadata_tags": "disabled"
              }
            ],
            "monitoring": false,
            "network_interface": [],
            "outpost_arn": "",
            "password_data": "",
            "placement_group": "",
            "placement_partition_number": 0,
            "primary_network_interface_id": "eni-0fbb7f489b02c0fd2",
            "private_dns": "ip-10-0-4-177.ap-northeast-2.compute.internal",
            "private_dns_name_options": [
              {
                "enable_resource_name_dns_a_record": false,
                "enable_resource_name_dns_aaaa_record": false,
                "hostname_type": "ip-name"
              }
            ],
            "private_ip": "10.0.4.177",
            "public_dns": "",
            "public_ip": "",
            "root_block_device": [
              {
                "delete_on_termination": true,
                "device_name": "/dev/sda1",
                "encrypted": false,
                "iops": 3000,
                "kms_key_id": "",
                "tags": {},
                "tags_all": {},
                "throughput": 125,
                "volume_id": "vol-0615caab61d03ace5",
                "volume_size": 8,
                "volume_type": "gp3"
              }
            ],
            "secondary_private_ips": [],
            "security_groups": [],
            "source_dest_check": true,
            "spot_instance_request_id": "",
            "subnet_id": "subnet-06dc1b3a323cb21cb",
            "tags": {
              "Name": "web2"
            },
            "tags_all": {
              "Name": "web2"
            },
            "tenancy": "default",
            "timeouts": null,
            "user_data": null,
            "user_data_base64": null,
            "user_data_replace_on_change": false,
            "volume_tags": null,
            "vpc_security_group_ids": [
              "sg-07efd9c37403dac16"
            ]
          },
          "sensitive_attributes": [],
          "private": "eyJlMmJmYjczMC1lY2FhLTExZTYtOGY4OC0zNDM2M2JjN2M0YzAiOnsiY3JlYXRlIjo2MDAwMDAwMDAwMDAsImRlbGV0ZSI6MTIwMDAwMDAwMDAwMCwicmVhZCI6OTAwMDAwMDAwMDAwLCJ1cGRhdGUiOjYwMDAwMDAwMDAwMH0sInNjaGVtYV92ZXJzaW9uIjoiMSJ9",
          "dependencies": [
            "module.key_pair.aws_key_pair.my_key",
            "module.key_pair.tls_private_key.example",
            "module.security-group.aws_security_group.allow_ssh",
            "module.subnet.aws_subnet.private1",
            "module.subnet.aws_subnet.private2",
            "module.vpc.aws_vpc.main"
          ]
        }
      ]
    },
    {
      "module": "module.key_pair",
      "mode": "managed",
      "type": "aws_key_pair",
      "name": "my_key",
      "provider": "provider[\"registry.terraform.io/hashicorp/aws\"]",
      "instances": [
        {
          "schema_version": 1,
          "attributes": {
            "arn": "arn:aws:ec2:ap-northeast-2:108782082145:key-pair/my_key",
            "fingerprint": "4c:a5:29:03:db:93:7a:69:20:48:0f:e4:c0:b3:5d:22",
            "id": "my_key",
            "key_name": "my_key",
            "key_name_prefix": "",
            "key_pair_id": "key-0b190207c977e2601",
            "key_type": "rsa",
            "public_key": "ssh-rsa AAAAB3NzaC1yc2EAAAADAQABAAABAQCbTnzlueoMcCPy/ioVRB0pxqADCTNYoZov54HAgjUB1XpO5OV8/06wHs3BdWlVAcV/xVCE02y2lTSvOOjJbGda8iBC0YElRL6cAJ22vmNoISGhTflKvshK1AUed/w1xq1rdSI9bY+EJMv25zIgNKH+Gzmk1JUxy5xoBekKfevyGZK11t/q9ZmhxwXocj3ZnY/gVxLs1zdsQ7EeqbFXCM+9djggwVue6gwzy2fHk4j9Z2Ms5N5pKZdbvKIbCs6HMRS1v80QaV9tPbT0SrWA+BB71t7AnRyu/0jJbp0mkhy+ir6yZhU13WXjIhs56tSmc9oRiM70fw2bHzW8ofPhVzRp",
            "tags": {},
            "tags_all": {}
          },
          "sensitive_attributes": [],
          "private": "eyJzY2hlbWFfdmVyc2lvbiI6IjEifQ==",
          "dependencies": [
            "module.key_pair.tls_private_key.example"
          ]
        }
      ]
    },
    {
      "module": "module.key_pair",
      "mode": "managed",
      "type": "local_file",
      "name": "private_key",
      "provider": "provider[\"registry.terraform.io/hashicorp/local\"]",
      "instances": [
        {
          "schema_version": 0,
          "attributes": {
            "content": "-----BEGIN RSA PRIVATE KEY-----\nMIIEowIBAAKCAQEAm0585bnqDHAj8v4qFUQdKcagAwkzWKGaL+eBwII1AdV6TuTl\nfP9OsB7NwXVpVQHFf8VQhNNstpU0rzjoyWxnWvIgQtGBJUS+nACdtr5jaCEhoU35\nSr7IStQFHnf8Ncata3UiPW2PhCTL9ucyIDSh/hs5pNSVMcucaAXpCn3r8hmStdbf\n6vWZoccF6HI92Z2P4FcS7Nc3bEOxHqmxVwjPvXY4IMFbnuoMM8tnx5OI/WdjLOTe\naSmXW7yiGwrOhzEUtb/NEGlfbT209Eq1gPgQe9bewJ0crv9IyW6dJpIcvoq+smYV\nNd1l4yIbOerUpnPaEYjO9H8Nmx81vKHz4Vc0aQIDAQABAoIBAHDGNLGIJ+kyQRiA\n8UQR+u9L+QNbWfqhFlp0zGZi5mTXhIHnerEinxwKsjQpsvv0VlqqiAZ7lDSc8e3O\n8FLbMc37heufQB005whW9i8t3vdNH6OHAGADW2Piw3jVfcH67BDctKlQdmdpZOZ8\nCY0TSxI+6MPFTjUjegabTBa/S2a3g3f8RooXevx56TL6+xI0FiIYFFaYK4mc8irh\ne2prX8zXSc/5mnvS7QIOp+1OarqbuqiKRl4ZXBz1DGzS/83x1ytudDTnkkbIZ2Xh\nv725oPIr5VygzZILpj6wV4bGVfiOz4SQIySNeZEoS1T7f9pHG4u9D0ojnutoGQ4x\nQ8ETKCUCgYEAzXLDnLnhbrMt8he378viGrJGW1LopQnFjYKLI8wFzHqWkhg+cV5Z\nlnINN+OuYeOG6SzuvNWYsLLX6lmNaN8S8YDhTxP/zDWFH1UJP+s0wXcPLbSrqacK\nVqI5qGF1USRvbm5kmgCtEPbGW2gjGEjHoVleKa4Jk4Nhw3j8xw0yq+cCgYEAwYVJ\nRM2141Uf1/8/bxJFiMKNNG6Q3hAvdhUPjxZh2wyRcz62QOa0Zo9jYgriFLbUOIq7\n6nUHVoclyk9ee9S0PPeLyTAgLto2dhjo8CLFYEmgWsZEsyS9o4gPSHejoZboOZsK\ndgjSVOB4foBZDN6nmgMPhcW9wRAcqL1j05aMky8CgYANmVUdYKhtXWrjJXLFaqdy\nwO4rSVeg5P6wmT2AhxazLEIfNX+cnXQsoywA0Q9P53GcqZ673R+YQp5MItVbZbip\nR7CiPV6nM7u2ETjlhDofvDPDALyEJExo46ARZzIOxuyhUKlUEEtkXhFPJ5t7FgYw\nxeuXsq9rljy4ZZ/FxTffbQKBgEUomfehwHfeywOJL6VFFV57kLUFMnZ5uExt2GKd\ncBk1U6Go7r8g86WXZr/5/bPDZvJR+jge3KF6qPG1DaIZcNQ871LWBRpZV4869bwj\n4P+5MDpgktqmrbMMg9G1F+A+qv0zQDjQjEJS+hzTR3/G7oSmxVxcP6UIWgWfsVZD\nfjd3AoGBAKGqRzw5U1ptYECIleE0g8AVeDiQ0Z2zFci8nNkCfL6ce+nDBKxkuvY5\ny+kqMrBq+9GvWsw7oOKMrlKwosoC7V6MszxqPDO7gyyuZjiLPmzgLR3r/+UuBV5q\nqkGnfEyJMBAuc2C1T0rXGMK0jzZjvXtJcw3njJOcPXOx7VPo8QUf\n-----END RSA PRIVATE KEY-----\n",
            "content_base64": null,
            "content_base64sha256": "rcEkHwqLinODc3GFuiPK4lOeLkS/Hflwp4pz81znBf0=",
            "content_base64sha512": "k3eOLgzL/4O0s2p8R10+RaX7d37KKbXQndGmUVRZVG5xGpNF+i1kh5XVONSkFdsptJ4KdeNJmnmNxZPj0oO++w==",
            "content_md5": "ff5550c851fd35288261bdeac13f4f9c",
            "content_sha1": "bdaf915b25ea5acff8dde0a6678099a00ed80e05",
            "content_sha256": "adc1241f0a8b8a7383737185ba23cae2539e2e44bf1df970a78a73f35ce705fd",
            "content_sha512": "93778e2e0ccbff83b4b36a7c475d3e45a5fb777eca29b5d09dd1a6515459546e711a9345fa2d648795d538d4a415db29b49e0a75e3499a798dc593e3d283befb",
            "directory_permission": "0777",
            "file_permission": "0777",
            "filename": "modules/key-pair/my_key.pem",
            "id": "bdaf915b25ea5acff8dde0a6678099a00ed80e05",
            "sensitive_content": null,
            "source": null
          },
          "sensitive_attributes": [
            [
              {
                "type": "get_attr",
                "value": "sensitive_content"
              }
            ],
            [
              {
                "type": "get_attr",
                "value": "content"
              }
            ]
          ],
          "dependencies": [
            "module.key_pair.tls_private_key.example"
          ]
        }
      ]
    },
    {
      "module": "module.key_pair",
      "mode": "managed",
      "type": "tls_private_key",
      "name": "example",
      "provider": "provider[\"registry.terraform.io/hashicorp/tls\"]",
      "instances": [
        {
          "schema_version": 1,
          "attributes": {
            "algorithm": "RSA",
            "ecdsa_curve": "P224",
            "id": "55b39f9503c294d7cdcfa142f5ddd42f6c6573d6",
            "private_key_openssh": "-----BEGIN OPENSSH PRIVATE KEY-----\nb3BlbnNzaC1rZXktdjEAAAAABG5vbmUAAAAEbm9uZQAAAAAAAAABAAABFwAAAAdz\nc2gtcnNhAAAAAwEAAQAAAQEAm0585bnqDHAj8v4qFUQdKcagAwkzWKGaL+eBwII1\nAdV6TuTlfP9OsB7NwXVpVQHFf8VQhNNstpU0rzjoyWxnWvIgQtGBJUS+nACdtr5j\naCEhoU35Sr7IStQFHnf8Ncata3UiPW2PhCTL9ucyIDSh/hs5pNSVMcucaAXpCn3r\n8hmStdbf6vWZoccF6HI92Z2P4FcS7Nc3bEOxHqmxVwjPvXY4IMFbnuoMM8tnx5OI\n/WdjLOTeaSmXW7yiGwrOhzEUtb/NEGlfbT209Eq1gPgQe9bewJ0crv9IyW6dJpIc\nvoq+smYVNd1l4yIbOerUpnPaEYjO9H8Nmx81vKHz4Vc0aQAAA7ithTCFrYUwhQAA\nAAdzc2gtcnNhAAABAQCbTnzlueoMcCPy/ioVRB0pxqADCTNYoZov54HAgjUB1XpO\n5OV8/06wHs3BdWlVAcV/xVCE02y2lTSvOOjJbGda8iBC0YElRL6cAJ22vmNoISGh\nTflKvshK1AUed/w1xq1rdSI9bY+EJMv25zIgNKH+Gzmk1JUxy5xoBekKfevyGZK1\n1t/q9ZmhxwXocj3ZnY/gVxLs1zdsQ7EeqbFXCM+9djggwVue6gwzy2fHk4j9Z2Ms\n5N5pKZdbvKIbCs6HMRS1v80QaV9tPbT0SrWA+BB71t7AnRyu/0jJbp0mkhy+ir6y\nZhU13WXjIhs56tSmc9oRiM70fw2bHzW8ofPhVzRpAAAAAwEAAQAAAQBwxjSxiCfp\nMkEYgPFEEfrvS/kDW1n6oRZadMxmYuZk14SB53qxIp8cCrI0KbL79FZaqogGe5Q0\nnPHtzvBS2zHN+4Xrn0AdNOcIVvYvLd73TR+jhwBgA1tj4sN41X3B+uwQ3LSpUHZn\naWTmfAmNE0sSPujDxU41I3oGm0wWv0tmt4N3/EaKF3r8eeky+vsSNBYiGBRWmCuJ\nnPIq4Xtqa1/M10nP+Zp70u0CDqftTmq6m7qoikZeGVwc9Qxs0v/N8dcrbnQ055JG\nyGdl4b+9uaDyK+VcoM2SC6Y+sFeGxlX4js+EkCMkjXmRKEtU+3/aRxuLvQ9KI57r\naBkOMUPBEyglAAAAgQChqkc8OVNabWBAiJXhNIPAFXg4kNGdsxXIvJzZAny+nHvp\nwwSsZLr2OcvpKjKwavvRr1rMO6DijK5SsKLKAu1ejLM8ajwzu4MsrmY4iz5s4C0d\n6//lLgVeaqpBp3xMiTAQLnNgtU9K1xjCtI82Y717SXMN54yTnD1zse1T6PEFHwAA\nAIEAzXLDnLnhbrMt8he378viGrJGW1LopQnFjYKLI8wFzHqWkhg+cV5ZlnINN+Ou\nYeOG6SzuvNWYsLLX6lmNaN8S8YDhTxP/zDWFH1UJP+s0wXcPLbSrqacKVqI5qGF1\nUSRvbm5kmgCtEPbGW2gjGEjHoVleKa4Jk4Nhw3j8xw0yq+cAAACBAMGFSUTNteNV\nH9f/P28SRYjCjTRukN4QL3YVD48WYdsMkXM+tkDmtGaPY2IK4hS21DiKu+p1B1aH\nJcpPXnvUtDz3i8kwIC7aNnYY6PAixWBJoFrGRLMkvaOID0h3o6GW6DmbCnYI0lTg\neH6AWQzep5oDD4XFvcEQHKi9Y9OWjJMvAAAAAAEC\n-----END OPENSSH PRIVATE KEY-----\n",
            "private_key_pem": "-----BEGIN RSA PRIVATE KEY-----\nMIIEowIBAAKCAQEAm0585bnqDHAj8v4qFUQdKcagAwkzWKGaL+eBwII1AdV6TuTl\nfP9OsB7NwXVpVQHFf8VQhNNstpU0rzjoyWxnWvIgQtGBJUS+nACdtr5jaCEhoU35\nSr7IStQFHnf8Ncata3UiPW2PhCTL9ucyIDSh/hs5pNSVMcucaAXpCn3r8hmStdbf\n6vWZoccF6HI92Z2P4FcS7Nc3bEOxHqmxVwjPvXY4IMFbnuoMM8tnx5OI/WdjLOTe\naSmXW7yiGwrOhzEUtb/NEGlfbT209Eq1gPgQe9bewJ0crv9IyW6dJpIcvoq+smYV\nNd1l4yIbOerUpnPaEYjO9H8Nmx81vKHz4Vc0aQIDAQABAoIBAHDGNLGIJ+kyQRiA\n8UQR+u9L+QNbWfqhFlp0zGZi5mTXhIHnerEinxwKsjQpsvv0VlqqiAZ7lDSc8e3O\n8FLbMc37heufQB005whW9i8t3vdNH6OHAGADW2Piw3jVfcH67BDctKlQdmdpZOZ8\nCY0TSxI+6MPFTjUjegabTBa/S2a3g3f8RooXevx56TL6+xI0FiIYFFaYK4mc8irh\ne2prX8zXSc/5mnvS7QIOp+1OarqbuqiKRl4ZXBz1DGzS/83x1ytudDTnkkbIZ2Xh\nv725oPIr5VygzZILpj6wV4bGVfiOz4SQIySNeZEoS1T7f9pHG4u9D0ojnutoGQ4x\nQ8ETKCUCgYEAzXLDnLnhbrMt8he378viGrJGW1LopQnFjYKLI8wFzHqWkhg+cV5Z\nlnINN+OuYeOG6SzuvNWYsLLX6lmNaN8S8YDhTxP/zDWFH1UJP+s0wXcPLbSrqacK\nVqI5qGF1USRvbm5kmgCtEPbGW2gjGEjHoVleKa4Jk4Nhw3j8xw0yq+cCgYEAwYVJ\nRM2141Uf1/8/bxJFiMKNNG6Q3hAvdhUPjxZh2wyRcz62QOa0Zo9jYgriFLbUOIq7\n6nUHVoclyk9ee9S0PPeLyTAgLto2dhjo8CLFYEmgWsZEsyS9o4gPSHejoZboOZsK\ndgjSVOB4foBZDN6nmgMPhcW9wRAcqL1j05aMky8CgYANmVUdYKhtXWrjJXLFaqdy\nwO4rSVeg5P6wmT2AhxazLEIfNX+cnXQsoywA0Q9P53GcqZ673R+YQp5MItVbZbip\nR7CiPV6nM7u2ETjlhDofvDPDALyEJExo46ARZzIOxuyhUKlUEEtkXhFPJ5t7FgYw\nxeuXsq9rljy4ZZ/FxTffbQKBgEUomfehwHfeywOJL6VFFV57kLUFMnZ5uExt2GKd\ncBk1U6Go7r8g86WXZr/5/bPDZvJR+jge3KF6qPG1DaIZcNQ871LWBRpZV4869bwj\n4P+5MDpgktqmrbMMg9G1F+A+qv0zQDjQjEJS+hzTR3/G7oSmxVxcP6UIWgWfsVZD\nfjd3AoGBAKGqRzw5U1ptYECIleE0g8AVeDiQ0Z2zFci8nNkCfL6ce+nDBKxkuvY5\ny+kqMrBq+9GvWsw7oOKMrlKwosoC7V6MszxqPDO7gyyuZjiLPmzgLR3r/+UuBV5q\nqkGnfEyJMBAuc2C1T0rXGMK0jzZjvXtJcw3njJOcPXOx7VPo8QUf\n-----END RSA PRIVATE KEY-----\n",
            "private_key_pem_pkcs8": "-----BEGIN PRIVATE KEY-----\nMIIEvQIBADANBgkqhkiG9w0BAQEFAASCBKcwggSjAgEAAoIBAQCbTnzlueoMcCPy\n/ioVRB0pxqADCTNYoZov54HAgjUB1XpO5OV8/06wHs3BdWlVAcV/xVCE02y2lTSv\nOOjJbGda8iBC0YElRL6cAJ22vmNoISGhTflKvshK1AUed/w1xq1rdSI9bY+EJMv2\n5zIgNKH+Gzmk1JUxy5xoBekKfevyGZK11t/q9ZmhxwXocj3ZnY/gVxLs1zdsQ7Ee\nqbFXCM+9djggwVue6gwzy2fHk4j9Z2Ms5N5pKZdbvKIbCs6HMRS1v80QaV9tPbT0\nSrWA+BB71t7AnRyu/0jJbp0mkhy+ir6yZhU13WXjIhs56tSmc9oRiM70fw2bHzW8\nofPhVzRpAgMBAAECggEAcMY0sYgn6TJBGIDxRBH670v5A1tZ+qEWWnTMZmLmZNeE\nged6sSKfHAqyNCmy+/RWWqqIBnuUNJzx7c7wUtsxzfuF659AHTTnCFb2Ly3e900f\no4cAYANbY+LDeNV9wfrsENy0qVB2Z2lk5nwJjRNLEj7ow8VONSN6BptMFr9LZreD\nd/xGihd6/HnpMvr7EjQWIhgUVpgriZzyKuF7amtfzNdJz/mae9LtAg6n7U5qupu6\nqIpGXhlcHPUMbNL/zfHXK250NOeSRshnZeG/vbmg8ivlXKDNkgumPrBXhsZV+I7P\nhJAjJI15kShLVPt/2kcbi70PSiOe62gZDjFDwRMoJQKBgQDNcsOcueFusy3yF7fv\ny+IaskZbUuilCcWNgosjzAXMepaSGD5xXlmWcg03465h44bpLO681ZiwstfqWY1o\n3xLxgOFPE//MNYUfVQk/6zTBdw8ttKuppwpWojmoYXVRJG9ubmSaAK0Q9sZbaCMY\nSMehWV4prgmTg2HDePzHDTKr5wKBgQDBhUlEzbXjVR/X/z9vEkWIwo00bpDeEC92\nFQ+PFmHbDJFzPrZA5rRmj2NiCuIUttQ4irvqdQdWhyXKT1571LQ894vJMCAu2jZ2\nGOjwIsVgSaBaxkSzJL2jiA9Id6Ohlug5mwp2CNJU4Hh+gFkM3qeaAw+Fxb3BEByo\nvWPTloyTLwKBgA2ZVR1gqG1dauMlcsVqp3LA7itJV6Dk/rCZPYCHFrMsQh81f5yd\ndCyjLADRD0/ncZypnrvdH5hCnkwi1VtluKlHsKI9Xqczu7YROOWEOh+8M8MAvIQk\nTGjjoBFnMg7G7KFQqVQQS2ReEU8nm3sWBjDF65eyr2uWPLhln8XFN99tAoGARSiZ\n96HAd97LA4kvpUUVXnuQtQUydnm4TG3YYp1wGTVToajuvyDzpZdmv/n9s8Nm8lH6\nOB7coXqo8bUNohlw1DzvUtYFGllXjzr1vCPg/7kwOmCS2qatswyD0bUX4D6q/TNA\nONCMQlL6HNNHf8buhKbFXFw/pQhaBZ+xVkN+N3cCgYEAoapHPDlTWm1gQIiV4TSD\nwBV4OJDRnbMVyLyc2QJ8vpx76cMErGS69jnL6SoysGr70a9azDug4oyuUrCiygLt\nXoyzPGo8M7uDLK5mOIs+bOAtHev/5S4FXmqqQad8TIkwEC5zYLVPStcYwrSPNmO9\ne0lzDeeMk5w9c7HtU+jxBR8=\n-----END PRIVATE KEY-----\n",
            "public_key_fingerprint_md5": "fd:6f:39:4f:b4:d1:6c:32:7f:7e:38:6f:00:18:d2:0e",
            "public_key_fingerprint_sha256": "SHA256:LZDQZaDYEWoBd72NgcJQ7P8+T/3Ul8P+/+4vSrZqwKo",
            "public_key_openssh": "ssh-rsa AAAAB3NzaC1yc2EAAAADAQABAAABAQCbTnzlueoMcCPy/ioVRB0pxqADCTNYoZov54HAgjUB1XpO5OV8/06wHs3BdWlVAcV/xVCE02y2lTSvOOjJbGda8iBC0YElRL6cAJ22vmNoISGhTflKvshK1AUed/w1xq1rdSI9bY+EJMv25zIgNKH+Gzmk1JUxy5xoBekKfevyGZK11t/q9ZmhxwXocj3ZnY/gVxLs1zdsQ7EeqbFXCM+9djggwVue6gwzy2fHk4j9Z2Ms5N5pKZdbvKIbCs6HMRS1v80QaV9tPbT0SrWA+BB71t7AnRyu/0jJbp0mkhy+ir6yZhU13WXjIhs56tSmc9oRiM70fw2bHzW8ofPhVzRp\n",
            "public_key_pem": "-----BEGIN PUBLIC KEY-----\nMIIBIjANBgkqhkiG9w0BAQEFAAOCAQ8AMIIBCgKCAQEAm0585bnqDHAj8v4qFUQd\nKcagAwkzWKGaL+eBwII1AdV6TuTlfP9OsB7NwXVpVQHFf8VQhNNstpU0rzjoyWxn\nWvIgQtGBJUS+nACdtr5jaCEhoU35Sr7IStQFHnf8Ncata3UiPW2PhCTL9ucyIDSh\n/hs5pNSVMcucaAXpCn3r8hmStdbf6vWZoccF6HI92Z2P4FcS7Nc3bEOxHqmxVwjP\nvXY4IMFbnuoMM8tnx5OI/WdjLOTeaSmXW7yiGwrOhzEUtb/NEGlfbT209Eq1gPgQ\ne9bewJ0crv9IyW6dJpIcvoq+smYVNd1l4yIbOerUpnPaEYjO9H8Nmx81vKHz4Vc0\naQIDAQAB\n-----END PUBLIC KEY-----\n",
            "rsa_bits": 2048
          },
          "sensitive_attributes": [
            [
              {
                "type": "get_attr",
                "value": "private_key_openssh"
              }
            ],
            [
              {
                "type": "get_attr",
                "value": "private_key_pem"
              }
            ],
            [
              {
                "type": "get_attr",
                "value": "private_key_pem_pkcs8"
              }
            ]
          ]
        }
      ]
    },
    {
      "module": "module.rds",
      "mode": "managed",
      "type": "aws_db_instance",
      "name": "this",
      "provider": "provider[\"registry.terraform.io/hashicorp/aws\"]",
      "instances": [
        {
          "schema_version": 2,
          "attributes": {
            "address": "mydatabase.ch64mwcw49o3.ap-northeast-2.rds.amazonaws.com",
            "allocated_storage": 20,
            "allow_major_version_upgrade": null,
            "apply_immediately": false,
            "arn": "arn:aws:rds:ap-northeast-2:108782082145:db:mydatabase",
            "auto_minor_version_upgrade": true,
            "availability_zone": "ap-northeast-2c",
            "backup_retention_period": 0,
            "backup_target": "region",
            "backup_window": "14:28-14:58",
            "blue_green_update": [],
            "ca_cert_identifier": "rds-ca-rsa2048-g1",
            "character_set_name": "",
            "copy_tags_to_snapshot": false,
            "custom_iam_instance_profile": "",
            "customer_owned_ip_enabled": false,
            "db_name": "",
            "db_subnet_group_name": "mydatabase-subnet-group",
            "dedicated_log_volume": false,
            "delete_automated_backups": true,
            "deletion_protection": false,
            "domain": "",
            "domain_auth_secret_arn": "",
            "domain_dns_ips": [],
            "domain_fqdn": "",
            "domain_iam_role_name": "",
            "domain_ou": "",
            "enabled_cloudwatch_logs_exports": [],
            "endpoint": "mydatabase.ch64mwcw49o3.ap-northeast-2.rds.amazonaws.com:5432",
            "engine": "postgres",
            "engine_lifecycle_support": "open-source-rds-extended-support",
            "engine_version": "16.3",
            "engine_version_actual": "16.3",
            "final_snapshot_identifier": null,
            "hosted_zone_id": "ZLA2NUCOLGUUR",
            "iam_database_authentication_enabled": false,
            "id": "db-DSN5YU7FBMR4L7GGW4W4YU5AJU",
            "identifier": "mydatabase",
            "identifier_prefix": "",
            "instance_class": "db.t3.micro",
            "iops": 0,
            "kms_key_id": "",
            "latest_restorable_time": "",
            "license_model": "postgresql-license",
            "listener_endpoint": [],
            "maintenance_window": "sat:15:27-sat:15:57",
            "manage_master_user_password": null,
            "master_user_secret": [],
            "master_user_secret_kms_key_id": null,
            "max_allocated_storage": 0,
            "monitoring_interval": 0,
            "monitoring_role_arn": "",
            "multi_az": false,
            "nchar_character_set_name": "",
            "network_type": "IPV4",
            "option_group_name": "default:postgres-16",
            "parameter_group_name": "default.postgres16",
            "password": "test1234",
            "performance_insights_enabled": false,
            "performance_insights_kms_key_id": "",
            "performance_insights_retention_period": 0,
            "port": 5432,
            "publicly_accessible": false,
            "replica_mode": "",
            "replicas": [],
            "replicate_source_db": "",
            "resource_id": "db-DSN5YU7FBMR4L7GGW4W4YU5AJU",
            "restore_to_point_in_time": [],
            "s3_import": [],
            "skip_final_snapshot": false,
            "snapshot_identifier": null,
            "status": "available",
            "storage_encrypted": false,
            "storage_throughput": 0,
            "storage_type": "gp2",
            "tags": {},
            "tags_all": {},
            "timeouts": null,
            "timezone": "",
            "upgrade_storage_config": null,
            "username": "postgres",
            "vpc_security_group_ids": [
              "sg-07efd9c37403dac16"
            ]
          },
          "sensitive_attributes": [
            [
              {
                "type": "get_attr",
                "value": "password"
              }
            ]
          ],
          "private": "eyJlMmJmYjczMC1lY2FhLTExZTYtOGY4OC0zNDM2M2JjN2M0YzAiOnsiY3JlYXRlIjoyNDAwMDAwMDAwMDAwLCJkZWxldGUiOjM2MDAwMDAwMDAwMDAsInVwZGF0ZSI6NDgwMDAwMDAwMDAwMH0sInNjaGVtYV92ZXJzaW9uIjoiMiJ9",
          "dependencies": [
            "module.rds.aws_db_subnet_group.this",
            "module.security-group.aws_security_group.allow_ssh",
            "module.subnet.aws_subnet.private1",
            "module.subnet.aws_subnet.private2",
            "module.vpc.aws_vpc.main"
          ]
        }
      ]
    },
    {
      "module": "module.rds",
      "mode": "managed",
      "type": "aws_db_subnet_group",
      "name": "this",
      "provider": "provider[\"registry.terraform.io/hashicorp/aws\"]",
      "instances": [
        {
          "schema_version": 0,
          "attributes": {
            "arn": "arn:aws:rds:ap-northeast-2:108782082145:subgrp:mydatabase-subnet-group",
            "description": "Managed by Terraform",
            "id": "mydatabase-subnet-group",
            "name": "mydatabase-subnet-group",
            "name_prefix": "",
            "subnet_ids": [
              "subnet-06dc1b3a323cb21cb",
              "subnet-08e6326ee12de5c23"
            ],
            "supported_network_types": [
              "IPV4"
            ],
            "tags": {
              "Name": "mydatabase-subnet-group"
            },
            "tags_all": {
              "Name": "mydatabase-subnet-group"
            },
            "vpc_id": "vpc-0cfd4c54e482780de"
          },
          "sensitive_attributes": [],
          "private": "bnVsbA==",
          "dependencies": [
            "module.subnet.aws_subnet.private1",
            "module.subnet.aws_subnet.private2",
            "module.vpc.aws_vpc.main"
          ]
        }
      ]
    },
    {
      "module": "module.s3",
      "mode": "managed",
      "type": "aws_s3_bucket",
      "name": "this",
      "provider": "provider[\"registry.terraform.io/hashicorp/aws\"]",
      "instances": [
        {
          "schema_version": 0,
          "attributes": {
            "acceleration_status": "",
            "acl": null,
            "arn": "arn:aws:s3:::my-unique-bucket-name-sionkim",
            "bucket": "my-unique-bucket-name-sionkim",
            "bucket_domain_name": "my-unique-bucket-name-sionkim.s3.amazonaws.com",
            "bucket_prefix": "",
            "bucket_regional_domain_name": "my-unique-bucket-name-sionkim.s3.ap-northeast-2.amazonaws.com",
            "cors_rule": [],
            "force_destroy": false,
            "grant": [
              {
                "id": "95ec31a8854d5399ae022127e1b0b8b1ffdc897795bdcb844be4a9569f304d0d",
                "permissions": [
                  "FULL_CONTROL"
                ],
                "type": "CanonicalUser",
                "uri": ""
              }
            ],
            "hosted_zone_id": "Z3W03O7B5YMIYP",
            "id": "my-unique-bucket-name-sionkim",
            "lifecycle_rule": [],
            "logging": [],
            "object_lock_configuration": [],
            "object_lock_enabled": false,
            "policy": "",
            "region": "ap-northeast-2",
            "replication_configuration": [],
            "request_payer": "BucketOwner",
            "server_side_encryption_configuration": [
              {
                "rule": [
                  {
                    "apply_server_side_encryption_by_default": [
                      {
                        "kms_master_key_id": "",
                        "sse_algorithm": "AES256"
                      }
                    ],
                    "bucket_key_enabled": false
                  }
                ]
              }
            ],
            "tags": {},
            "tags_all": {},
            "timeouts": null,
            "versioning": [
              {
                "enabled": false,
                "mfa_delete": false
              }
            ],
            "website": [],
            "website_domain": null,
            "website_endpoint": null
          },
          "sensitive_attributes": [],
          "private": "eyJlMmJmYjczMC1lY2FhLTExZTYtOGY4OC0zNDM2M2JjN2M0YzAiOnsiY3JlYXRlIjoxMjAwMDAwMDAwMDAwLCJkZWxldGUiOjM2MDAwMDAwMDAwMDAsInJlYWQiOjEyMDAwMDAwMDAwMDAsInVwZGF0ZSI6MTIwMDAwMDAwMDAwMH19"
        }
      ]
    },
    {
      "module": "module.security-group",
      "mode": "managed",
      "type": "aws_security_group",
      "name": "allow_ssh",
      "provider": "provider[\"registry.terraform.io/hashicorp/aws\"]",
      "instances": [
        {
          "schema_version": 1,
          "attributes": {
            "arn": "arn:aws:ec2:ap-northeast-2:108782082145:security-group/sg-07efd9c37403dac16",
            "description": "Allow SSH inbound traffic",
            "egress": [
              {
                "cidr_blocks": [
                  "0.0.0.0/0"
                ],
                "description": "",
                "from_port": 0,
                "ipv6_cidr_blocks": [],
                "prefix_list_ids": [],
                "protocol": "-1",
                "security_groups": [],
                "self": false,
                "to_port": 0
              }
            ],
            "id": "sg-07efd9c37403dac16",
            "ingress": [
              {
                "cidr_blocks": [
                  "0.0.0.0/0"
                ],
                "description": "",
                "from_port": 0,
                "ipv6_cidr_blocks": [],
                "prefix_list_ids": [],
                "protocol": "-1",
                "security_groups": [],
                "self": false,
                "to_port": 0
              },
              {
                "cidr_blocks": [
                  "0.0.0.0/0"
                ],
                "description": "",
                "from_port": 22,
                "ipv6_cidr_blocks": [],
                "prefix_list_ids": [],
                "protocol": "tcp",
                "security_groups": [],
                "self": false,
                "to_port": 22
              }
            ],
            "name": "allow_ssh",
            "name_prefix": "",
            "owner_id": "108782082145",
            "revoke_rules_on_delete": false,
            "tags": {
              "Name": "allow_ssh"
            },
            "tags_all": {
              "Name": "allow_ssh"
            },
            "timeouts": null,
            "vpc_id": "vpc-0cfd4c54e482780de"
          },
          "sensitive_attributes": [],
          "private": "eyJlMmJmYjczMC1lY2FhLTExZTYtOGY4OC0zNDM2M2JjN2M0YzAiOnsiY3JlYXRlIjo2MDAwMDAwMDAwMDAsImRlbGV0ZSI6OTAwMDAwMDAwMDAwfSwic2NoZW1hX3ZlcnNpb24iOiIxIn0=",
          "dependencies": [
            "module.vpc.aws_vpc.main"
          ]
        }
      ]
    },
    {
      "module": "module.subnet",
      "mode": "managed",
      "type": "aws_route_table_association",
      "name": "private_1",
      "provider": "provider[\"registry.terraform.io/hashicorp/aws\"]",
      "instances": [
        {
          "schema_version": 0,
          "attributes": {
            "gateway_id": "",
            "id": "rtbassoc-0a3c1e130220618db",
            "route_table_id": "rtb-0358180e1d2426b09",
            "subnet_id": "subnet-08e6326ee12de5c23",
            "timeouts": null
          },
          "sensitive_attributes": [],
          "private": "eyJlMmJmYjczMC1lY2FhLTExZTYtOGY4OC0zNDM2M2JjN2M0YzAiOnsiY3JlYXRlIjozMDAwMDAwMDAwMDAsImRlbGV0ZSI6MzAwMDAwMDAwMDAwLCJ1cGRhdGUiOjEyMDAwMDAwMDAwMH19",
          "dependencies": [
            "module.ec2.aws_instance.nat_instance",
            "module.key_pair.aws_key_pair.my_key",
            "module.key_pair.tls_private_key.example",
            "module.security-group.aws_security_group.allow_ssh",
            "module.subnet.aws_subnet.private1",
            "module.subnet.aws_subnet.public1",
            "module.subnet.aws_subnet.public2",
            "module.vpc.aws_route_table.main1",
            "module.vpc.aws_vpc.main"
          ]
        }
      ]
    },
    {
      "module": "module.subnet",
      "mode": "managed",
      "type": "aws_route_table_association",
      "name": "private_2",
      "provider": "provider[\"registry.terraform.io/hashicorp/aws\"]",
      "instances": [
        {
          "schema_version": 0,
          "attributes": {
            "gateway_id": "",
            "id": "rtbassoc-0923708a29e655e53",
            "route_table_id": "rtb-0358180e1d2426b09",
            "subnet_id": "subnet-06dc1b3a323cb21cb",
            "timeouts": null
          },
          "sensitive_attributes": [],
          "private": "eyJlMmJmYjczMC1lY2FhLTExZTYtOGY4OC0zNDM2M2JjN2M0YzAiOnsiY3JlYXRlIjozMDAwMDAwMDAwMDAsImRlbGV0ZSI6MzAwMDAwMDAwMDAwLCJ1cGRhdGUiOjEyMDAwMDAwMDAwMH19",
          "dependencies": [
            "module.ec2.aws_instance.nat_instance",
            "module.key_pair.aws_key_pair.my_key",
            "module.key_pair.tls_private_key.example",
            "module.security-group.aws_security_group.allow_ssh",
            "module.subnet.aws_subnet.private2",
            "module.subnet.aws_subnet.public1",
            "module.subnet.aws_subnet.public2",
            "module.vpc.aws_route_table.main1",
            "module.vpc.aws_vpc.main"
          ]
        }
      ]
    },
    {
      "module": "module.subnet",
      "mode": "managed",
      "type": "aws_route_table_association",
      "name": "public_1",
      "provider": "provider[\"registry.terraform.io/hashicorp/aws\"]",
      "instances": [
        {
          "schema_version": 0,
          "attributes": {
            "gateway_id": "",
            "id": "rtbassoc-0fa30941ee50d4605",
            "route_table_id": "rtb-0e23d6033935954b5",
            "subnet_id": "subnet-0df2d8508e77e288c",
            "timeouts": null
          },
          "sensitive_attributes": [],
          "private": "eyJlMmJmYjczMC1lY2FhLTExZTYtOGY4OC0zNDM2M2JjN2M0YzAiOnsiY3JlYXRlIjozMDAwMDAwMDAwMDAsImRlbGV0ZSI6MzAwMDAwMDAwMDAwLCJ1cGRhdGUiOjEyMDAwMDAwMDAwMH19",
          "dependencies": [
            "module.subnet.aws_subnet.public1",
            "module.vpc.aws_internet_gateway.main",
            "module.vpc.aws_route_table.main",
            "module.vpc.aws_vpc.main"
          ]
        }
      ]
    },
    {
      "module": "module.subnet",
      "mode": "managed",
      "type": "aws_route_table_association",
      "name": "public_2",
      "provider": "provider[\"registry.terraform.io/hashicorp/aws\"]",
      "instances": [
        {
          "schema_version": 0,
          "attributes": {
            "gateway_id": "",
            "id": "rtbassoc-07ab4a618da3cac50",
            "route_table_id": "rtb-0e23d6033935954b5",
            "subnet_id": "subnet-0e8d05e0a49828c24",
            "timeouts": null
          },
          "sensitive_attributes": [],
          "private": "eyJlMmJmYjczMC1lY2FhLTExZTYtOGY4OC0zNDM2M2JjN2M0YzAiOnsiY3JlYXRlIjozMDAwMDAwMDAwMDAsImRlbGV0ZSI6MzAwMDAwMDAwMDAwLCJ1cGRhdGUiOjEyMDAwMDAwMDAwMH19",
          "dependencies": [
            "module.subnet.aws_subnet.public2",
            "module.vpc.aws_internet_gateway.main",
            "module.vpc.aws_route_table.main",
            "module.vpc.aws_vpc.main"
          ]
        }
      ]
    },
    {
      "module": "module.subnet",
      "mode": "managed",
      "type": "aws_subnet",
      "name": "private1",
      "provider": "provider[\"registry.terraform.io/hashicorp/aws\"]",
      "instances": [
        {
          "schema_version": 1,
          "attributes": {
            "arn": "arn:aws:ec2:ap-northeast-2:108782082145:subnet/subnet-08e6326ee12de5c23",
            "assign_ipv6_address_on_creation": false,
            "availability_zone": "ap-northeast-2a",
            "availability_zone_id": "apne2-az1",
            "cidr_block": "10.0.3.0/24",
            "customer_owned_ipv4_pool": "",
            "enable_dns64": false,
            "enable_lni_at_device_index": 0,
            "enable_resource_name_dns_a_record_on_launch": false,
            "enable_resource_name_dns_aaaa_record_on_launch": false,
            "id": "subnet-08e6326ee12de5c23",
            "ipv6_cidr_block": "",
            "ipv6_cidr_block_association_id": "",
            "ipv6_native": false,
            "map_customer_owned_ip_on_launch": false,
            "map_public_ip_on_launch": false,
            "outpost_arn": "",
            "owner_id": "108782082145",
            "private_dns_hostname_type_on_launch": "ip-name",
            "tags": {
              "Name": "private-subnet-1"
            },
            "tags_all": {
              "Name": "private-subnet-1"
            },
            "timeouts": null,
            "vpc_id": "vpc-0cfd4c54e482780de"
          },
          "sensitive_attributes": [],
          "private": "eyJlMmJmYjczMC1lY2FhLTExZTYtOGY4OC0zNDM2M2JjN2M0YzAiOnsiY3JlYXRlIjo2MDAwMDAwMDAwMDAsImRlbGV0ZSI6MTIwMDAwMDAwMDAwMH0sInNjaGVtYV92ZXJzaW9uIjoiMSJ9",
          "dependencies": [
            "module.vpc.aws_vpc.main"
          ]
        }
      ]
    },
    {
      "module": "module.subnet",
      "mode": "managed",
      "type": "aws_subnet",
      "name": "private2",
      "provider": "provider[\"registry.terraform.io/hashicorp/aws\"]",
      "instances": [
        {
          "schema_version": 1,
          "attributes": {
            "arn": "arn:aws:ec2:ap-northeast-2:108782082145:subnet/subnet-06dc1b3a323cb21cb",
            "assign_ipv6_address_on_creation": false,
            "availability_zone": "ap-northeast-2c",
            "availability_zone_id": "apne2-az3",
            "cidr_block": "10.0.4.0/24",
            "customer_owned_ipv4_pool": "",
            "enable_dns64": false,
            "enable_lni_at_device_index": 0,
            "enable_resource_name_dns_a_record_on_launch": false,
            "enable_resource_name_dns_aaaa_record_on_launch": false,
            "id": "subnet-06dc1b3a323cb21cb",
            "ipv6_cidr_block": "",
            "ipv6_cidr_block_association_id": "",
            "ipv6_native": false,
            "map_customer_owned_ip_on_launch": false,
            "map_public_ip_on_launch": false,
            "outpost_arn": "",
            "owner_id": "108782082145",
            "private_dns_hostname_type_on_launch": "ip-name",
            "tags": {
              "Name": "private-subnet-2"
            },
            "tags_all": {
              "Name": "private-subnet-2"
            },
            "timeouts": null,
            "vpc_id": "vpc-0cfd4c54e482780de"
          },
          "sensitive_attributes": [],
          "private": "eyJlMmJmYjczMC1lY2FhLTExZTYtOGY4OC0zNDM2M2JjN2M0YzAiOnsiY3JlYXRlIjo2MDAwMDAwMDAwMDAsImRlbGV0ZSI6MTIwMDAwMDAwMDAwMH0sInNjaGVtYV92ZXJzaW9uIjoiMSJ9",
          "dependencies": [
            "module.vpc.aws_vpc.main"
          ]
        }
      ]
    },
    {
      "module": "module.subnet",
      "mode": "managed",
      "type": "aws_subnet",
      "name": "public1",
      "provider": "provider[\"registry.terraform.io/hashicorp/aws\"]",
      "instances": [
        {
          "schema_version": 1,
          "attributes": {
            "arn": "arn:aws:ec2:ap-northeast-2:108782082145:subnet/subnet-0df2d8508e77e288c",
            "assign_ipv6_address_on_creation": false,
            "availability_zone": "ap-northeast-2a",
            "availability_zone_id": "apne2-az1",
            "cidr_block": "10.0.1.0/24",
            "customer_owned_ipv4_pool": "",
            "enable_dns64": false,
            "enable_lni_at_device_index": 0,
            "enable_resource_name_dns_a_record_on_launch": false,
            "enable_resource_name_dns_aaaa_record_on_launch": false,
            "id": "subnet-0df2d8508e77e288c",
            "ipv6_cidr_block": "",
            "ipv6_cidr_block_association_id": "",
            "ipv6_native": false,
            "map_customer_owned_ip_on_launch": false,
            "map_public_ip_on_launch": true,
            "outpost_arn": "",
            "owner_id": "108782082145",
            "private_dns_hostname_type_on_launch": "ip-name",
            "tags": {
              "Name": "public-subnet-1"
            },
            "tags_all": {
              "Name": "public-subnet-1"
            },
            "timeouts": null,
            "vpc_id": "vpc-0cfd4c54e482780de"
          },
          "sensitive_attributes": [],
          "private": "eyJlMmJmYjczMC1lY2FhLTExZTYtOGY4OC0zNDM2M2JjN2M0YzAiOnsiY3JlYXRlIjo2MDAwMDAwMDAwMDAsImRlbGV0ZSI6MTIwMDAwMDAwMDAwMH0sInNjaGVtYV92ZXJzaW9uIjoiMSJ9",
          "dependencies": [
            "module.vpc.aws_vpc.main"
          ]
        }
      ]
    },
    {
      "module": "module.subnet",
      "mode": "managed",
      "type": "aws_subnet",
      "name": "public2",
      "provider": "provider[\"registry.terraform.io/hashicorp/aws\"]",
      "instances": [
        {
          "schema_version": 1,
          "attributes": {
            "arn": "arn:aws:ec2:ap-northeast-2:108782082145:subnet/subnet-0e8d05e0a49828c24",
            "assign_ipv6_address_on_creation": false,
            "availability_zone": "ap-northeast-2c",
            "availability_zone_id": "apne2-az3",
            "cidr_block": "10.0.2.0/24",
            "customer_owned_ipv4_pool": "",
            "enable_dns64": false,
            "enable_lni_at_device_index": 0,
            "enable_resource_name_dns_a_record_on_launch": false,
            "enable_resource_name_dns_aaaa_record_on_launch": false,
            "id": "subnet-0e8d05e0a49828c24",
            "ipv6_cidr_block": "",
            "ipv6_cidr_block_association_id": "",
            "ipv6_native": false,
            "map_customer_owned_ip_on_launch": false,
            "map_public_ip_on_launch": true,
            "outpost_arn": "",
            "owner_id": "108782082145",
            "private_dns_hostname_type_on_launch": "ip-name",
            "tags": {
              "Name": "public-subnet-2"
            },
            "tags_all": {
              "Name": "public-subnet-2"
            },
            "timeouts": null,
            "vpc_id": "vpc-0cfd4c54e482780de"
          },
          "sensitive_attributes": [],
          "private": "eyJlMmJmYjczMC1lY2FhLTExZTYtOGY4OC0zNDM2M2JjN2M0YzAiOnsiY3JlYXRlIjo2MDAwMDAwMDAwMDAsImRlbGV0ZSI6MTIwMDAwMDAwMDAwMH0sInNjaGVtYV92ZXJzaW9uIjoiMSJ9",
          "dependencies": [
            "module.vpc.aws_vpc.main"
          ]
        }
      ]
    },
    {
      "module": "module.vpc",
      "mode": "managed",
      "type": "aws_internet_gateway",
      "name": "main",
      "provider": "provider[\"registry.terraform.io/hashicorp/aws\"]",
      "instances": [
        {
          "schema_version": 0,
          "attributes": {
            "arn": "arn:aws:ec2:ap-northeast-2:108782082145:internet-gateway/igw-08bf0ffbcba18972b",
            "id": "igw-08bf0ffbcba18972b",
            "owner_id": "108782082145",
            "tags": {
              "Name": "my-igw"
            },
            "tags_all": {
              "Name": "my-igw"
            },
            "timeouts": null,
            "vpc_id": "vpc-0cfd4c54e482780de"
          },
          "sensitive_attributes": [],
          "private": "eyJlMmJmYjczMC1lY2FhLTExZTYtOGY4OC0zNDM2M2JjN2M0YzAiOnsiY3JlYXRlIjoxMjAwMDAwMDAwMDAwLCJkZWxldGUiOjEyMDAwMDAwMDAwMDAsInVwZGF0ZSI6MTIwMDAwMDAwMDAwMH19",
          "dependencies": [
            "module.vpc.aws_vpc.main"
          ]
        }
      ]
    },
    {
      "module": "module.vpc",
      "mode": "managed",
      "type": "aws_route_table",
      "name": "main",
      "provider": "provider[\"registry.terraform.io/hashicorp/aws\"]",
      "instances": [
        {
          "schema_version": 0,
          "attributes": {
            "arn": "arn:aws:ec2:ap-northeast-2:108782082145:route-table/rtb-0e23d6033935954b5",
            "id": "rtb-0e23d6033935954b5",
            "owner_id": "108782082145",
            "propagating_vgws": [],
            "route": [
              {
                "carrier_gateway_id": "",
                "cidr_block": "0.0.0.0/0",
                "core_network_arn": "",
                "destination_prefix_list_id": "",
                "egress_only_gateway_id": "",
                "gateway_id": "igw-08bf0ffbcba18972b",
                "ipv6_cidr_block": "",
                "local_gateway_id": "",
                "nat_gateway_id": "",
                "network_interface_id": "",
                "transit_gateway_id": "",
                "vpc_endpoint_id": "",
                "vpc_peering_connection_id": ""
              }
            ],
            "tags": {
              "Name": "my-route-table"
            },
            "tags_all": {
              "Name": "my-route-table"
            },
            "timeouts": null,
            "vpc_id": "vpc-0cfd4c54e482780de"
          },
          "sensitive_attributes": [],
          "private": "eyJlMmJmYjczMC1lY2FhLTExZTYtOGY4OC0zNDM2M2JjN2M0YzAiOnsiY3JlYXRlIjozMDAwMDAwMDAwMDAsImRlbGV0ZSI6MzAwMDAwMDAwMDAwLCJ1cGRhdGUiOjEyMDAwMDAwMDAwMH19",
          "dependencies": [
            "module.vpc.aws_internet_gateway.main",
            "module.vpc.aws_vpc.main"
          ]
        }
      ]
    },
    {
      "module": "module.vpc",
      "mode": "managed",
      "type": "aws_route_table",
      "name": "main1",
      "provider": "provider[\"registry.terraform.io/hashicorp/aws\"]",
      "instances": [
        {
          "schema_version": 0,
          "attributes": {
            "arn": "arn:aws:ec2:ap-northeast-2:108782082145:route-table/rtb-0358180e1d2426b09",
            "id": "rtb-0358180e1d2426b09",
            "owner_id": "108782082145",
            "propagating_vgws": [],
            "route": [
              {
                "carrier_gateway_id": "",
                "cidr_block": "0.0.0.0/0",
                "core_network_arn": "",
                "destination_prefix_list_id": "",
                "egress_only_gateway_id": "",
                "gateway_id": "",
                "ipv6_cidr_block": "",
                "local_gateway_id": "",
                "nat_gateway_id": "",
                "network_interface_id": "eni-0d9592b61c6b190a6",
                "transit_gateway_id": "",
                "vpc_endpoint_id": "",
                "vpc_peering_connection_id": ""
              }
            ],
            "tags": {
              "Name": "my-route-table-nat"
            },
            "tags_all": {
              "Name": "my-route-table-nat"
            },
            "timeouts": null,
            "vpc_id": "vpc-0cfd4c54e482780de"
          },
          "sensitive_attributes": [],
          "private": "eyJlMmJmYjczMC1lY2FhLTExZTYtOGY4OC0zNDM2M2JjN2M0YzAiOnsiY3JlYXRlIjozMDAwMDAwMDAwMDAsImRlbGV0ZSI6MzAwMDAwMDAwMDAwLCJ1cGRhdGUiOjEyMDAwMDAwMDAwMH19",
          "dependencies": [
            "module.ec2.aws_instance.nat_instance",
            "module.key_pair.aws_key_pair.my_key",
            "module.key_pair.tls_private_key.example",
            "module.security-group.aws_security_group.allow_ssh",
            "module.subnet.aws_subnet.public1",
            "module.subnet.aws_subnet.public2",
            "module.vpc.aws_vpc.main"
          ]
        }
      ]
    },
    {
      "module": "module.vpc",
      "mode": "managed",
      "type": "aws_vpc",
      "name": "main",
      "provider": "provider[\"registry.terraform.io/hashicorp/aws\"]",
      "instances": [
        {
          "schema_version": 1,
          "attributes": {
            "arn": "arn:aws:ec2:ap-northeast-2:108782082145:vpc/vpc-0cfd4c54e482780de",
            "assign_generated_ipv6_cidr_block": false,
            "cidr_block": "10.0.0.0/16",
            "default_network_acl_id": "acl-0e2eaa421f171e60b",
            "default_route_table_id": "rtb-091bd9e09919d643f",
            "default_security_group_id": "sg-09d3f4da3e87c7361",
            "dhcp_options_id": "dopt-0570a05bfbee7451a",
            "enable_dns_hostnames": false,
            "enable_dns_support": true,
            "enable_network_address_usage_metrics": false,
            "id": "vpc-0cfd4c54e482780de",
            "instance_tenancy": "default",
            "ipv4_ipam_pool_id": null,
            "ipv4_netmask_length": null,
            "ipv6_association_id": "",
            "ipv6_cidr_block": "",
            "ipv6_cidr_block_network_border_group": "",
            "ipv6_ipam_pool_id": "",
            "ipv6_netmask_length": 0,
            "main_route_table_id": "rtb-091bd9e09919d643f",
            "owner_id": "108782082145",
            "tags": {
              "Name": "my-vpc"
            },
            "tags_all": {
              "Name": "my-vpc"
            }
          },
          "sensitive_attributes": [],
          "private": "eyJzY2hlbWFfdmVyc2lvbiI6IjEifQ=="
        }
      ]
    }
  ],
  "check_results": null
}
